<?xml version="1.0" encoding="utf-8"?>
<Project ToolsVersion="4.0" xmlns="http://schemas.microsoft.com/developer/msbuild/2003">
  <ItemGroup>
    <Filter Include="Source Files">
      <UniqueIdentifier>{4FC737F1-C7A5-4376-A066-2A32D752A2FF}</UniqueIdentifier>
      <Extensions>cpp;c;cc;cxx;def;odl;idl;hpj;bat;asm;asmx</Extensions>
    </Filter>
    <Filter Include="Header Files">
      <UniqueIdentifier>{93995380-89BD-4b04-88EB-625FBE52EBFB}</UniqueIdentifier>
      <Extensions>h;hh;hpp;hxx;hm;inl;inc;xsd</Extensions>
    </Filter>
    <Filter Include="Resource Files">
      <UniqueIdentifier>{67DA6AB6-F800-4c08-8B7A-83BB121AAD01}</UniqueIdentifier>
      <Extensions>rc;ico;cur;bmp;dlg;rc2;rct;bin;rgs;gif;jpg;jpeg;jpe;resx;tiff;tif;png;wav;mfcribbon-ms</Extensions>
    </Filter>
    <Filter Include="Utility">
      <UniqueIdentifier>{55a99544-49e4-4d0d-9072-8a2fb49eb553}</UniqueIdentifier>
    </Filter>
    <Filter Include="Components">
      <UniqueIdentifier>{47e64c60-9c37-4089-bf23-4259b845b83d}</UniqueIdentifier>
    </Filter>
    <Filter Include="Blueprint">
      <UniqueIdentifier>{c28595dc-344b-4844-9670-b5f06118ad9e}</UniqueIdentifier>
    </Filter>
    <Filter Include="GameObject">
      <UniqueIdentifier>{b5b557b1-ed95-4f82-b948-0982bd0e8f3b}</UniqueIdentifier>
    </Filter>
    <Filter Include="Includer">
      <UniqueIdentifier>{a7808cca-0e46-46a7-a5b7-0fab0000596b}</UniqueIdentifier>
    </Filter>
    <Filter Include="GameObject\Observers">
      <UniqueIdentifier>{2a66f999-49e5-410c-b3df-9dd78302ffce}</UniqueIdentifier>
    </Filter>
    <Filter Include="Components\Observers">
      <UniqueIdentifier>{1c8d5649-ec78-4da9-b54b-55d34b79c2b3}</UniqueIdentifier>
    </Filter>
    <Filter Include="Components\Creators">
      <UniqueIdentifier>{af685c18-306c-4fa4-9952-0b7b7a63cf80}</UniqueIdentifier>
    </Filter>
    <Filter Include="Blueprint\Creators">
      <UniqueIdentifier>{fc069fd4-196d-43cb-aa36-ede59beb73d8}</UniqueIdentifier>
    </Filter>
    <Filter Include="MT">
      <UniqueIdentifier>{022a923a-c745-4601-b756-a347373441e5}</UniqueIdentifier>
    </Filter>
    <Filter Include="MT\Order">
      <UniqueIdentifier>{fcb65aa5-e156-4c49-a455-f1f47988bc32}</UniqueIdentifier>
    </Filter>
    <Filter Include="MT\Jobs">
      <UniqueIdentifier>{7881b931-96f6-4216-9f2f-1e914ad317c6}</UniqueIdentifier>
    </Filter>
    <Filter Include="DataObject">
      <UniqueIdentifier>{33fb4451-b901-4fde-99f6-c918b7f52c03}</UniqueIdentifier>
    </Filter>
    <Filter Include="DataObject\DTO">
      <UniqueIdentifier>{a3425b45-d182-4b6b-93cf-564c60a12e75}</UniqueIdentifier>
    </Filter>
    <Filter Include="DataObject\DAO">
      <UniqueIdentifier>{2a033678-677f-458b-968e-94f331d38049}</UniqueIdentifier>
    </Filter>
    <Filter Include="DataObject\Deserialize">
      <UniqueIdentifier>{67964343-ac8b-4fd8-941a-fc9ff2f898fd}</UniqueIdentifier>
    </Filter>
    <Filter Include="DataObject\Entity">
      <UniqueIdentifier>{ad0d8f21-2dda-4f13-a881-f5c2e8e2bf3b}</UniqueIdentifier>
    </Filter>
    <Filter Include="DataObject\Serialize">
      <UniqueIdentifier>{c57da686-15bc-41f9-9a9f-5dffb91e672a}</UniqueIdentifier>
    </Filter>
    <Filter Include="Rendering">
      <UniqueIdentifier>{45a7791c-0e94-4e17-b56a-fd10a8444145}</UniqueIdentifier>
    </Filter>
    <Filter Include="Rendering\Materials">
      <UniqueIdentifier>{abb98b6e-c79c-4c92-bd95-27ae3be337f4}</UniqueIdentifier>
    </Filter>
    <Filter Include="Rendering\Shaders">
      <UniqueIdentifier>{192208d5-499b-4966-9c86-38f4975e0e9f}</UniqueIdentifier>
    </Filter>
    <Filter Include="Rendering\Detail">
      <UniqueIdentifier>{30bf2dcb-8d60-4b25-890b-94957b55bbeb}</UniqueIdentifier>
    </Filter>
    <Filter Include="Rendering\HLRCommand">
      <UniqueIdentifier>{27533e05-428b-406e-9007-05490c0de97d}</UniqueIdentifier>
    </Filter>
    <Filter Include="Rendering\HLRCommand\Default">
      <UniqueIdentifier>{e19facf7-b625-4cf4-b00b-7d75b8c5e64f}</UniqueIdentifier>
    </Filter>
    <Filter Include="Components\Detail">
      <UniqueIdentifier>{025b185c-65ce-454f-bfe8-ae918d849193}</UniqueIdentifier>
    </Filter>
    <Filter Include="MT\Worker">
      <UniqueIdentifier>{b8c65ad6-dea8-4d9a-a79f-a9f525d0e727}</UniqueIdentifier>
    </Filter>
    <Filter Include="Common">
      <UniqueIdentifier>{08d6b6b3-bb6f-4ce3-8517-0d287c795d70}</UniqueIdentifier>
    </Filter>
    <Filter Include="Rendering\Target">
      <UniqueIdentifier>{711b2d33-7fcc-40c0-a614-544474ae9dd1}</UniqueIdentifier>
    </Filter>
    <Filter Include="Collision">
      <UniqueIdentifier>{1dfd0f06-a7ca-4649-93fe-2588da6ee3da}</UniqueIdentifier>
    </Filter>
    <Filter Include="Common\SpaceDivide">
      <UniqueIdentifier>{30596d58-6a59-4acd-82e6-16b61510bb0e}</UniqueIdentifier>
    </Filter>
    <Filter Include="Rendering\ComponentRender">
      <UniqueIdentifier>{917bad03-898a-475f-87e6-6257cdd73dc1}</UniqueIdentifier>
    </Filter>
    <Filter Include="GameObject\Deatil">
      <UniqueIdentifier>{c85251e6-70fd-44f8-8115-57d0a3c13446}</UniqueIdentifier>
    </Filter>
    <Filter Include="App">
      <UniqueIdentifier>{4093e6be-6800-40f6-bfdc-62ad5e8bef15}</UniqueIdentifier>
    </Filter>
    <Filter Include="App\Level">
      <UniqueIdentifier>{584e85ec-4004-473b-8122-0b5dd3f0af97}</UniqueIdentifier>
    </Filter>
    <Filter Include="App\Extension">
      <UniqueIdentifier>{71891c94-1347-420f-b251-c0ff030ed3fd}</UniqueIdentifier>
    </Filter>
    <Filter Include="App\Extension\Object">
      <UniqueIdentifier>{f192564c-a0f4-413e-9fe5-cf10c773e5e6}</UniqueIdentifier>
    </Filter>
    <Filter Include="App\Extension\Component">
      <UniqueIdentifier>{eecf4541-35a3-417e-97d9-b9747f43f1d3}</UniqueIdentifier>
    </Filter>
    <Filter Include="App\Weapon">
      <UniqueIdentifier>{e031fc51-cd60-44f6-9d66-d7bc7cf1c0f6}</UniqueIdentifier>
    </Filter>
    <Filter Include="Collision\Detail">
      <UniqueIdentifier>{7bb39055-038e-44be-8282-c03d27f28691}</UniqueIdentifier>
    </Filter>
    <Filter Include="Collision\Detail\Collider">
      <UniqueIdentifier>{1701b370-fce4-459e-843b-fe9f6631b2c7}</UniqueIdentifier>
    </Filter>
    <Filter Include="Common\InputDevice">
      <UniqueIdentifier>{709be1b0-a2ce-4009-8d0b-2618be85470c}</UniqueIdentifier>
    </Filter>
    <Filter Include="Common\Policy">
      <UniqueIdentifier>{5432328e-67e5-45db-aeeb-fe2e686fe653}</UniqueIdentifier>
    </Filter>
    <Filter Include="Common\Diagram">
      <UniqueIdentifier>{dc19ac3d-49a8-4308-8385-1c64ab4ce7af}</UniqueIdentifier>
    </Filter>
    <Filter Include="Rendering\Detail\Optimize">
      <UniqueIdentifier>{c78f5eea-56f9-4682-90e5-65129f5897dc}</UniqueIdentifier>
    </Filter>
    <Filter Include="Collision\Detail\Tester">
      <UniqueIdentifier>{2255fb6c-2d20-4ef1-b3c6-47810c62932d}</UniqueIdentifier>
    </Filter>
    <Filter Include="Common\Diagram\Converter">
      <UniqueIdentifier>{3a55a6d1-b089-4780-a8ea-a7a18500acd8}</UniqueIdentifier>
    </Filter>
    <Filter Include="Resource">
      <UniqueIdentifier>{e19a5b75-9309-4d01-acd1-d025b7e87cce}</UniqueIdentifier>
    </Filter>
    <Filter Include="Resource\API">
      <UniqueIdentifier>{40da09fa-d43e-4ea1-b80e-abf334214dee}</UniqueIdentifier>
    </Filter>
    <Filter Include="Resource\Audio">
      <UniqueIdentifier>{e655a72e-82b8-4a85-aa2b-2027d855491f}</UniqueIdentifier>
    </Filter>
    <Filter Include="Resource\Model">
      <UniqueIdentifier>{008d4ab4-dddc-468c-a863-fe5379945dd3}</UniqueIdentifier>
    </Filter>
    <Filter Include="Resource\Texture">
      <UniqueIdentifier>{ba6ed869-83f9-410c-b99a-29f405f4d12c}</UniqueIdentifier>
    </Filter>
    <Filter Include="Resource\DataObject">
      <UniqueIdentifier>{c03271ed-9b44-424d-bc46-7cea2a6e08cb}</UniqueIdentifier>
    </Filter>
    <Filter Include="UI">
      <UniqueIdentifier>{139c8f6e-8bc9-429e-95e2-093ef03d008b}</UniqueIdentifier>
    </Filter>
    <Filter Include="UI\Event">
      <UniqueIdentifier>{e8002337-dc44-4ed3-b910-f9664a36493b}</UniqueIdentifier>
    </Filter>
    <Filter Include="UI\Event\Listener">
      <UniqueIdentifier>{0b0a20cc-757c-4098-86f1-e049ddeb7263}</UniqueIdentifier>
    </Filter>
    <Filter Include="UI\Event\Publisher">
      <UniqueIdentifier>{31aad819-c708-465a-94dc-439f53c5adc1}</UniqueIdentifier>
    </Filter>
    <Filter Include="Rendering\Detail\Provider">
      <UniqueIdentifier>{2d4b88de-ba96-43a9-9a83-54dc8de163ac}</UniqueIdentifier>
    </Filter>
    <Filter Include="Rendering\Detail\StaticResource">
      <UniqueIdentifier>{5e2626f1-373d-416f-99b6-ef00d3be6d70}</UniqueIdentifier>
    </Filter>
  </ItemGroup>
  <ItemGroup>
    <ClCompile Include="main.cpp">
      <Filter>Source Files</Filter>
    </ClCompile>
    <ClCompile Include="Utility\Debug.cpp">
      <Filter>Utility</Filter>
    </ClCompile>
    <ClCompile Include="Utility\Exception.cpp">
      <Filter>Utility</Filter>
    </ClCompile>
    <ClCompile Include="Utility\FPSCounter.cpp">
      <Filter>Utility</Filter>
    </ClCompile>
    <ClCompile Include="Utility\Profiler.cpp">
      <Filter>Utility</Filter>
    </ClCompile>
    <ClCompile Include="Utility\singleton.cpp">
      <Filter>Utility</Filter>
    </ClCompile>
    <ClCompile Include="Utility\Subject.cpp">
      <Filter>Utility</Filter>
    </ClCompile>
    <ClCompile Include="Utility\TextFile.cpp">
      <Filter>Utility</Filter>
    </ClCompile>
    <ClCompile Include="Utility\Vector3.cpp">
      <Filter>Utility</Filter>
    </ClCompile>
    <ClCompile Include="Components\ParticleSystem.cpp">
      <Filter>Components</Filter>
    </ClCompile>
    <ClCompile Include="Components\Transform.cpp">
      <Filter>Components</Filter>
    </ClCompile>
    <ClCompile Include="Components\Camera.cpp">
      <Filter>Components</Filter>
    </ClCompile>
    <ClCompile Include="Utility\MultiTypeMap.cpp">
      <Filter>Utility</Filter>
    </ClCompile>
    <ClCompile Include="Utility\HavingChildType.cpp">
      <Filter>Utility</Filter>
    </ClCompile>
    <ClCompile Include="Utility\File.cpp">
      <Filter>Utility</Filter>
    </ClCompile>
    <ClCompile Include="Blueprint\window.cpp">
      <Filter>Blueprint</Filter>
    </ClCompile>
    <ClCompile Include="Blueprint\LevelStream.cpp">
      <Filter>Blueprint</Filter>
    </ClCompile>
    <ClCompile Include="Blueprint\Level.cpp">
      <Filter>Blueprint</Filter>
    </ClCompile>
    <ClCompile Include="Blueprint\GameWindow.cpp">
      <Filter>Blueprint</Filter>
    </ClCompile>
    <ClCompile Include="Blueprint\Application.cpp">
      <Filter>Blueprint</Filter>
    </ClCompile>
    <ClCompile Include="GameObject\ObjectManager.cpp">
      <Filter>GameObject</Filter>
    </ClCompile>
    <ClCompile Include="GameObject\Object.cpp">
      <Filter>GameObject</Filter>
    </ClCompile>
    <ClCompile Include="Utility\TypeStringConvertible.cpp">
      <Filter>Utility</Filter>
    </ClCompile>
    <ClCompile Include="Components\Component.cpp">
      <Filter>Components</Filter>
    </ClCompile>
    <ClCompile Include="Components\Observers\ComponentPriorityStateObserver.cpp">
      <Filter>Components\Observers</Filter>
    </ClCompile>
    <ClCompile Include="Components\Observers\ComponentRenderStateObserver.cpp">
      <Filter>Components\Observers</Filter>
    </ClCompile>
    <ClCompile Include="Components\Observers\ComponentStateObserver.cpp">
      <Filter>Components\Observers</Filter>
    </ClCompile>
    <ClCompile Include="Components\Observers\ComponentStateSubject.cpp">
      <Filter>Components\Observers</Filter>
    </ClCompile>
    <ClCompile Include="Components\Observers\ComponentUpdataStateObserver.cpp">
      <Filter>Components\Observers</Filter>
    </ClCompile>
    <ClCompile Include="Components\Observers\ComponentEffectiveStateObserver.cpp">
      <Filter>Components\Observers</Filter>
    </ClCompile>
    <ClCompile Include="GameObject\Observers\ObjectEffectiveStateObserver.cpp">
      <Filter>GameObject\Observers</Filter>
    </ClCompile>
    <ClCompile Include="GameObject\Observers\ObjectPriorityStateObserver.cpp">
      <Filter>GameObject\Observers</Filter>
    </ClCompile>
    <ClCompile Include="GameObject\Observers\ObjectRenderStateObserver.cpp">
      <Filter>GameObject\Observers</Filter>
    </ClCompile>
    <ClCompile Include="GameObject\Observers\ObjectStateObserver.cpp">
      <Filter>GameObject\Observers</Filter>
    </ClCompile>
    <ClCompile Include="GameObject\Observers\ObjectStateSubject.cpp">
      <Filter>GameObject\Observers</Filter>
    </ClCompile>
    <ClCompile Include="GameObject\Observers\ObjectUpdataStateObserver.cpp">
      <Filter>GameObject\Observers</Filter>
    </ClCompile>
    <ClCompile Include="MT\Order\OrderData.cpp">
      <Filter>MT\Order</Filter>
    </ClCompile>
    <ClCompile Include="MT\Jobs\AsyncLoadLevel.cpp">
      <Filter>MT\Jobs</Filter>
    </ClCompile>
    <ClCompile Include="MT\ThreadSystem.cpp">
      <Filter>MT</Filter>
    </ClCompile>
    <ClCompile Include="MT\Thread.cpp">
      <Filter>MT</Filter>
    </ClCompile>
    <ClCompile Include="MT\Order\OrderedJobReserver.cpp">
      <Filter>MT\Order</Filter>
    </ClCompile>
    <ClCompile Include="DataObject\DAO\ColorChannel.cpp">
      <Filter>DataObject\DAO</Filter>
    </ClCompile>
    <ClCompile Include="DataObject\DAO\FbxFile.cpp">
      <Filter>DataObject\DAO</Filter>
    </ClCompile>
    <ClCompile Include="DataObject\Deserialize\ColorChannel.cpp">
      <Filter>DataObject\Deserialize</Filter>
    </ClCompile>
    <ClCompile Include="DataObject\Deserialize\FbxFile.cpp">
      <Filter>DataObject\Deserialize</Filter>
    </ClCompile>
    <ClCompile Include="DataObject\Deserialize\FbxInnerMesh.cpp">
      <Filter>DataObject\Deserialize</Filter>
    </ClCompile>
    <ClCompile Include="DataObject\Deserialize\FbxMateria.cpp">
      <Filter>DataObject\Deserialize</Filter>
    </ClCompile>
    <ClCompile Include="DataObject\Deserialize\FbxTextureFile.cpp">
      <Filter>DataObject\Deserialize</Filter>
    </ClCompile>
    <ClCompile Include="DataObject\Entity\ColorChannel.cpp">
      <Filter>DataObject\Entity</Filter>
    </ClCompile>
    <ClCompile Include="DataObject\Entity\FbxFile.cpp">
      <Filter>DataObject\Entity</Filter>
    </ClCompile>
    <ClCompile Include="DataObject\Serialize\ColorChannel.cpp">
      <Filter>DataObject\Serialize</Filter>
    </ClCompile>
    <ClCompile Include="DataObject\Serialize\FbxFile.cpp">
      <Filter>DataObject\Serialize</Filter>
    </ClCompile>
    <ClCompile Include="DataObject\Serialize\FbxInnerMesh.cpp">
      <Filter>DataObject\Serialize</Filter>
    </ClCompile>
    <ClCompile Include="DataObject\Serialize\FbxMateria.cpp">
      <Filter>DataObject\Serialize</Filter>
    </ClCompile>
    <ClCompile Include="DataObject\Serialize\FbxTextureFile.cpp">
      <Filter>DataObject\Serialize</Filter>
    </ClCompile>
    <ClCompile Include="DataObject\FileDataObjectRoot.cpp">
      <Filter>DataObject</Filter>
    </ClCompile>
    <ClCompile Include="DataObject\FileDataObjectChild.cpp">
      <Filter>DataObject</Filter>
    </ClCompile>
    <ClCompile Include="Rendering\Graphics.cpp">
      <Filter>Rendering</Filter>
    </ClCompile>
    <ClCompile Include="Rendering\Materials\ColorChannel.cpp">
      <Filter>Rendering\Materials</Filter>
    </ClCompile>
    <ClCompile Include="Rendering\Shaders\MeshShader.cpp">
      <Filter>Rendering\Shaders</Filter>
    </ClCompile>
    <ClCompile Include="Rendering\Shaders\Shader.cpp">
      <Filter>Rendering\Shaders</Filter>
    </ClCompile>
    <ClCompile Include="Rendering\Materials\Material.cpp">
      <Filter>Rendering\Materials</Filter>
    </ClCompile>
    <ClCompile Include="Rendering\Materials\ParticleMaterial.cpp">
      <Filter>Rendering\Materials</Filter>
    </ClCompile>
    <ClCompile Include="Rendering\Materials\MeshMaterial.cpp">
      <Filter>Rendering\Materials</Filter>
    </ClCompile>
    <ClCompile Include="Utility\CommandListener.cpp">
      <Filter>Utility</Filter>
    </ClCompile>
    <ClCompile Include="Rendering\HLRCommand\SetMaterial.cpp">
      <Filter>Rendering\HLRCommand</Filter>
    </ClCompile>
    <ClCompile Include="Rendering\HLRCommand\SetVertex.cpp">
      <Filter>Rendering\HLRCommand</Filter>
    </ClCompile>
    <ClCompile Include="Rendering\HLRCommand\SetIndex.cpp">
      <Filter>Rendering\HLRCommand</Filter>
    </ClCompile>
    <ClCompile Include="Rendering\HLRCommand\SetFVF.cpp">
      <Filter>Rendering\HLRCommand</Filter>
    </ClCompile>
    <ClCompile Include="Rendering\HLRCommand\SetDeclaration.cpp">
      <Filter>Rendering\HLRCommand</Filter>
    </ClCompile>
    <ClCompile Include="Rendering\HLRCommand\DrawPrimitive.cpp">
      <Filter>Rendering\HLRCommand</Filter>
    </ClCompile>
    <ClCompile Include="Rendering\HLRCommand\DrawIndexedPrimitive.cpp">
      <Filter>Rendering\HLRCommand</Filter>
    </ClCompile>
    <ClCompile Include="Rendering\HLRCommand\BeginScene.cpp">
      <Filter>Rendering\HLRCommand</Filter>
    </ClCompile>
    <ClCompile Include="Rendering\HLRCommand\EndScene.cpp">
      <Filter>Rendering\HLRCommand</Filter>
    </ClCompile>
    <ClCompile Include="Utility\CommandExecutor.cpp">
      <Filter>Utility</Filter>
    </ClCompile>
    <ClCompile Include="Utility\StaticValue.cpp">
      <Filter>Utility</Filter>
    </ClCompile>
    <ClCompile Include="Rendering\HLRCommand\RiseMateral.cpp">
      <Filter>Rendering\HLRCommand</Filter>
    </ClCompile>
    <ClCompile Include="Rendering\HLRCommand\HLRCommandPipeline.cpp">
      <Filter>Rendering\HLRCommand</Filter>
    </ClCompile>
    <ClCompile Include="Rendering\HLRCommand\Default\EndScene.cpp">
      <Filter>Rendering\HLRCommand\Default</Filter>
    </ClCompile>
    <ClCompile Include="Rendering\HLRCommand\Default\RiseMateral.cpp">
      <Filter>Rendering\HLRCommand\Default</Filter>
    </ClCompile>
    <ClCompile Include="Rendering\HLRCommand\Default\SetIndex.cpp">
      <Filter>Rendering\HLRCommand\Default</Filter>
    </ClCompile>
    <ClCompile Include="Rendering\HLRCommand\Default\SetMaterial.cpp">
      <Filter>Rendering\HLRCommand\Default</Filter>
    </ClCompile>
    <ClCompile Include="Rendering\HLRCommand\Default\SetVertex.cpp">
      <Filter>Rendering\HLRCommand\Default</Filter>
    </ClCompile>
    <ClCompile Include="Rendering\HLRCommand\Default\BeginScene.cpp">
      <Filter>Rendering\HLRCommand\Default</Filter>
    </ClCompile>
    <ClCompile Include="Rendering\HLRCommand\Default\Draw.cpp">
      <Filter>Rendering\HLRCommand\Default</Filter>
    </ClCompile>
    <ClCompile Include="Rendering\HLRCommand\Default\SetVertexDeclaration.cpp">
      <Filter>Rendering\HLRCommand\Default</Filter>
    </ClCompile>
    <ClCompile Include="Rendering\Color.cpp">
      <Filter>Rendering</Filter>
    </ClCompile>
    <ClCompile Include="Components\DirectionalLight.cpp">
      <Filter>Components</Filter>
    </ClCompile>
    <ClCompile Include="Rendering\Detail\LightingPublisher.cpp">
      <Filter>Rendering\Detail</Filter>
    </ClCompile>
    <ClCompile Include="MT\Order\OrderedJobExcuter.cpp">
      <Filter>MT\Order</Filter>
    </ClCompile>
    <ClCompile Include="MT\Worker\JobExecuterBase.cpp">
      <Filter>MT\Worker</Filter>
    </ClCompile>
    <ClCompile Include="MT\Jobs\ThreadJob.cpp">
      <Filter>MT\Jobs</Filter>
    </ClCompile>
    <ClCompile Include="MT\Worker\JobExecuter.cpp">
      <Filter>MT\Worker</Filter>
    </ClCompile>
    <ClCompile Include="MT\Jobs\PublishMLRC.cpp">
      <Filter>MT\Jobs</Filter>
    </ClCompile>
    <ClCompile Include="MT\Worker\MLRCPublisher.cpp">
      <Filter>MT\Worker</Filter>
    </ClCompile>
    <ClCompile Include="MT\Order\TaskContainer.cpp">
      <Filter>MT\Order</Filter>
    </ClCompile>
    <ClCompile Include="MT\Order\TaskLine.cpp">
      <Filter>MT\Order</Filter>
    </ClCompile>
    <ClCompile Include="Common\Timer.cpp">
      <Filter>Common</Filter>
    </ClCompile>
    <ClCompile Include="Common\TimerServer.cpp">
      <Filter>Common</Filter>
    </ClCompile>
    <ClCompile Include="Utility\TimerClient.cpp">
      <Filter>Utility</Filter>
    </ClCompile>
    <ClCompile Include="Utility\TimerServer.cpp">
      <Filter>Utility</Filter>
    </ClCompile>
    <ClCompile Include="Blueprint\Constant.cpp">
      <Filter>Blueprint</Filter>
    </ClCompile>
    <ClCompile Include="Common\Constant.cpp">
      <Filter>Common</Filter>
    </ClCompile>
    <ClCompile Include="Components\Constant.cpp">
      <Filter>Components</Filter>
    </ClCompile>
    <ClCompile Include="MT\Constant.cpp">
      <Filter>MT</Filter>
    </ClCompile>
    <ClCompile Include="Rendering\Constant.cpp">
      <Filter>Rendering</Filter>
    </ClCompile>
    <ClCompile Include="Components\Detail\Particle.cpp">
      <Filter>Components\Detail</Filter>
    </ClCompile>
    <ClCompile Include="Components\Detail\ParticleEmitter.cpp">
      <Filter>Components\Detail</Filter>
    </ClCompile>
    <ClCompile Include="Common\TextureAnimUV.cpp">
      <Filter>Common</Filter>
    </ClCompile>
    <ClCompile Include="Common\TextureAnimFream.cpp">
      <Filter>Common</Filter>
    </ClCompile>
    <ClCompile Include="Rendering\Shaders\ParticleShader.cpp">
      <Filter>Rendering\Shaders</Filter>
    </ClCompile>
    <ClCompile Include="Components\Detail\ParticleSystemModule.cpp">
      <Filter>Components\Detail</Filter>
    </ClCompile>
    <ClCompile Include="Components\Detail\ParticleBlaster.cpp">
      <Filter>Components\Detail</Filter>
    </ClCompile>
    <ClCompile Include="Components\MorphableMesh.cpp">
      <Filter>Components</Filter>
    </ClCompile>
    <ClCompile Include="Rendering\Viewer.cpp">
      <Filter>Rendering</Filter>
    </ClCompile>
    <ClCompile Include="Rendering\Detail\Frustum.cpp">
      <Filter>Rendering\Detail</Filter>
    </ClCompile>
    <ClCompile Include="Components\Panel.cpp">
      <Filter>Components</Filter>
    </ClCompile>
    <ClCompile Include="Rendering\Materials\PanelMaterial.cpp">
      <Filter>Rendering\Materials</Filter>
    </ClCompile>
    <ClCompile Include="Rendering\Shaders\PanelShader.cpp">
      <Filter>Rendering\Shaders</Filter>
    </ClCompile>
    <ClCompile Include="Rendering\Target\RenderingTexture.cpp">
      <Filter>Rendering\Target</Filter>
    </ClCompile>
    <ClCompile Include="Rendering\Target\Screen.cpp">
      <Filter>Rendering\Target</Filter>
    </ClCompile>
    <ClCompile Include="Rendering\HLRCommand\Default\StaticDefaultCommand.cpp">
      <Filter>Rendering\HLRCommand\Default</Filter>
    </ClCompile>
    <ClCompile Include="Collision\Constant.cpp">
      <Filter>Collision</Filter>
    </ClCompile>
    <ClCompile Include="Common\WorldVolume.cpp">
      <Filter>Common</Filter>
    </ClCompile>
    <ClCompile Include="Common\SpaceDivide\Cell.cpp">
      <Filter>Common\SpaceDivide</Filter>
    </ClCompile>
    <ClCompile Include="Common\SpaceDivide\Octree.cpp">
      <Filter>Common\SpaceDivide</Filter>
    </ClCompile>
    <ClCompile Include="Common\SpaceDivide\OctreeRegistrableObject.cpp">
      <Filter>Common\SpaceDivide</Filter>
    </ClCompile>
    <ClCompile Include="Rendering\ComponentRender\FbxRender.cpp">
      <Filter>Rendering\ComponentRender</Filter>
    </ClCompile>
    <ClCompile Include="Rendering\ComponentRender\PanelRender.cpp">
      <Filter>Rendering\ComponentRender</Filter>
    </ClCompile>
    <ClCompile Include="Rendering\ComponentRender\ParticleRender.cpp">
      <Filter>Rendering\ComponentRender</Filter>
    </ClCompile>
    <ClCompile Include="Rendering\RenderProvider.cpp">
      <Filter>Rendering</Filter>
    </ClCompile>
    <ClCompile Include="stdafx.cpp">
      <Filter>Source Files</Filter>
    </ClCompile>
    <ClCompile Include="GameObject\Detail\StateQueryable.cpp">
      <Filter>GameObject\Deatil</Filter>
    </ClCompile>
    <ClCompile Include="GameObject\Detail\ComponentsPossession.cpp">
      <Filter>GameObject\Deatil</Filter>
    </ClCompile>
    <ClCompile Include="Rendering\Shaders\ProgressiveMeshShader.cpp">
      <Filter>Rendering\Shaders</Filter>
    </ClCompile>
    <ClCompile Include="Rendering\Materials\ProgressiveMeshMaterial.cpp">
      <Filter>Rendering\Materials</Filter>
    </ClCompile>
    <ClCompile Include="Rendering\ComponentRender\AABBRender.cpp">
      <Filter>Rendering\ComponentRender</Filter>
    </ClCompile>
    <ClCompile Include="Utility\Vector2.cpp">
      <Filter>Utility</Filter>
    </ClCompile>
    <ClCompile Include="App\Level\TestLevel.cpp">
      <Filter>App\Level</Filter>
    </ClCompile>
    <ClCompile Include="App\Player.cpp">
      <Filter>App</Filter>
    </ClCompile>
    <ClCompile Include="App\Extension\Object\Actor.cpp">
      <Filter>App\Extension\Object</Filter>
    </ClCompile>
    <ClCompile Include="App\Extension\Component\MovementControl.cpp">
      <Filter>App\Extension\Component</Filter>
    </ClCompile>
    <ClCompile Include="Utility\Mathf.cpp">
      <Filter>Utility</Filter>
    </ClCompile>
    <ClCompile Include="App\Extension\Component\FirearmsControler.cpp">
      <Filter>App\Extension\Component</Filter>
    </ClCompile>
    <ClCompile Include="App\Extension\Component\PlayerTrackingCamara.cpp">
      <Filter>App\Extension\Component</Filter>
    </ClCompile>
    <ClCompile Include="App\Weapon\WeaponBase.cpp">
      <Filter>App\Weapon</Filter>
    </ClCompile>
    <ClCompile Include="App\Weapon\Vulcan.cpp">
      <Filter>App\Weapon</Filter>
    </ClCompile>
    <ClCompile Include="App\Extension\Component\PlayerModule.cpp">
      <Filter>App\Extension\Component</Filter>
    </ClCompile>
    <ClCompile Include="App\Extension\Object\VulcanBullet.cpp">
      <Filter>App\Extension\Object</Filter>
    </ClCompile>
    <ClCompile Include="App\Extension\Component\VulcanBulletInvalidater.cpp">
      <Filter>App\Extension\Component</Filter>
    </ClCompile>
    <ClCompile Include="App\Extension\Component\VulcanBulletControler.cpp">
      <Filter>App\Extension\Component</Filter>
    </ClCompile>
    <ClCompile Include="App\Extension\Component\BackJetEffector.cpp">
      <Filter>App\Extension\Component</Filter>
    </ClCompile>
    <ClCompile Include="App\Constant.cpp">
      <Filter>App</Filter>
    </ClCompile>
    <ClCompile Include="Collision\Detail\ColliderManager.cpp">
      <Filter>Collision\Detail</Filter>
    </ClCompile>
    <ClCompile Include="Collision\Detail\Collider\ICollider.cpp">
      <Filter>Collision\Detail\Collider</Filter>
    </ClCompile>
    <ClCompile Include="Collision\Detail\CollisionProvider.cpp">
      <Filter>Collision\Detail</Filter>
    </ClCompile>
    <ClCompile Include="Collision\HitResult.cpp">
      <Filter>Collision</Filter>
    </ClCompile>
    <ClCompile Include="Common\InputDevice\Constant.cpp">
      <Filter>Common\InputDevice</Filter>
    </ClCompile>
    <ClCompile Include="Common\InputDevice\DeviceManager.cpp">
      <Filter>Common\InputDevice</Filter>
    </ClCompile>
    <ClCompile Include="Common\InputDevice\Key.cpp">
      <Filter>Common\InputDevice</Filter>
    </ClCompile>
    <ClCompile Include="Common\InputDevice\Mouse.cpp">
      <Filter>Common\InputDevice</Filter>
    </ClCompile>
    <ClCompile Include="Common\Diagram\AABB.cpp">
      <Filter>Common\Diagram</Filter>
    </ClCompile>
    <ClCompile Include="Common\Diagram\Constant.cpp">
      <Filter>Common\Diagram</Filter>
    </ClCompile>
    <ClCompile Include="Common\Diagram\Plane.cpp">
      <Filter>Common\Diagram</Filter>
    </ClCompile>
    <ClCompile Include="Collision\Detail\JudgmentSameSpaceOfCollidee.cpp">
      <Filter>Collision\Detail</Filter>
    </ClCompile>
    <ClCompile Include="Collision\Detail\HitEventPublisher.cpp">
      <Filter>Collision\Detail</Filter>
    </ClCompile>
    <ClCompile Include="Common\Diagram\Sphere.cpp">
      <Filter>Common\Diagram</Filter>
    </ClCompile>
    <ClCompile Include="Common\Diagram\OBB.cpp">
      <Filter>Common\Diagram</Filter>
    </ClCompile>
    <ClCompile Include="Rendering\Detail\Render.cpp">
      <Filter>Rendering\Detail</Filter>
    </ClCompile>
    <ClCompile Include="Rendering\Detail\WorldObjectRender.cpp">
      <Filter>Rendering\Detail</Filter>
    </ClCompile>
    <ClCompile Include="Rendering\Detail\Optimize\Context.cpp">
      <Filter>Rendering\Detail\Optimize</Filter>
    </ClCompile>
    <ClCompile Include="Rendering\Detail\Optimize\CommandOptimizer.cpp">
      <Filter>Rendering\Detail\Optimize</Filter>
    </ClCompile>
    <ClCompile Include="Rendering\Detail\Optimize\ContinuityOptimizate.cpp">
      <Filter>Rendering\Detail\Optimize</Filter>
    </ClCompile>
    <ClCompile Include="Rendering\Detail\Optimize\JudgmentSameSpaceOfFrustum.cpp">
      <Filter>Rendering\Detail\Optimize</Filter>
    </ClCompile>
    <ClCompile Include="Rendering\Detail\Optimize\LODSwitcher.cpp">
      <Filter>Rendering\Detail\Optimize</Filter>
    </ClCompile>
    <ClCompile Include="Rendering\Detail\Optimize\MLRC.cpp">
      <Filter>Rendering\Detail\Optimize</Filter>
    </ClCompile>
    <ClCompile Include="Rendering\Detail\Optimize\MLRCPublisher.cpp">
      <Filter>Rendering\Detail\Optimize</Filter>
    </ClCompile>
    <ClCompile Include="Rendering\Detail\Optimize\ObjectOptimizer.cpp">
      <Filter>Rendering\Detail\Optimize</Filter>
    </ClCompile>
    <ClCompile Include="Rendering\Detail\Optimize\VisibleDeterminer.cpp">
      <Filter>Rendering\Detail\Optimize</Filter>
    </ClCompile>
    <ClCompile Include="Rendering\Detail\Optimize\CommandFinalizer.cpp">
      <Filter>Rendering\Detail\Optimize</Filter>
    </ClCompile>
    <ClCompile Include="Rendering\Detail\OptimizationRender.cpp">
      <Filter>Rendering\Detail</Filter>
    </ClCompile>
    <ClCompile Include="Components\Mesh.cpp">
      <Filter>Components</Filter>
    </ClCompile>
    <ClCompile Include="App\Extension\Component\LifeManeger.cpp">
      <Filter>App\Extension\Component</Filter>
    </ClCompile>
    <ClCompile Include="Collision\Detail\FindResult.cpp">
      <Filter>Collision\Detail</Filter>
    </ClCompile>
    <ClCompile Include="Collision\Detail\Tester\TesterOfDiscreet.cpp">
      <Filter>Collision\Detail\Tester</Filter>
    </ClCompile>
    <ClCompile Include="Collision\Detail\Tester\ITester.cpp">
      <Filter>Collision\Detail\Tester</Filter>
    </ClCompile>
    <ClCompile Include="Collision\CollisionDetection.cpp">
      <Filter>Collision</Filter>
    </ClCompile>
    <ClCompile Include="Collision\Detail\CollisionInformation.cpp">
      <Filter>Collision\Detail</Filter>
    </ClCompile>
    <ClCompile Include="Common\Diagram\Converter\AABBToOBB.cpp">
      <Filter>Common\Diagram\Converter</Filter>
    </ClCompile>
    <ClCompile Include="Utility\TypePossession.cpp">
      <Filter>Utility</Filter>
    </ClCompile>
    <ClCompile Include="Utility\TypeComparable.cpp">
      <Filter>Utility</Filter>
    </ClCompile>
    <ClCompile Include="Common\Diagram\Converter\AABBToSphere.cpp">
      <Filter>Common\Diagram\Converter</Filter>
    </ClCompile>
    <ClCompile Include="Common\Diagram\Converter\OBBToAABB.cpp">
      <Filter>Common\Diagram\Converter</Filter>
    </ClCompile>
    <ClCompile Include="Common\Diagram\Converter\OBBToSphere.cpp">
      <Filter>Common\Diagram\Converter</Filter>
    </ClCompile>
    <ClCompile Include="Common\Diagram\Converter\SphereToAABB.cpp">
      <Filter>Common\Diagram\Converter</Filter>
    </ClCompile>
    <ClCompile Include="Common\Diagram\Converter\SphereToOBB.cpp">
      <Filter>Common\Diagram\Converter</Filter>
    </ClCompile>
    <ClCompile Include="Common\Diagram\Converter\ConvertProvider.cpp">
      <Filter>Common\Diagram\Converter</Filter>
    </ClCompile>
    <ClCompile Include="Collision\Detail\CacheableTransform.cpp">
      <Filter>Collision\Detail</Filter>
    </ClCompile>
    <ClCompile Include="Collision\Detail\ICollidee.cpp">
      <Filter>Collision\Detail</Filter>
    </ClCompile>
    <ClCompile Include="Collision\Detail\Tester\TesterOfSVT.cpp">
      <Filter>Collision\Detail\Tester</Filter>
    </ClCompile>
    <ClCompile Include="Collision\Detail\DelayEvent.cpp">
      <Filter>Collision\Detail</Filter>
    </ClCompile>
    <ClCompile Include="Collision\Detail\CollisionSystem.cpp">
      <Filter>Collision\Detail</Filter>
    </ClCompile>
    <ClCompile Include="Collision\IVolume.cpp">
      <Filter>Collision</Filter>
    </ClCompile>
    <ClCompile Include="Collision\Detail\Collider\AABBAndOBB.cpp">
      <Filter>Collision\Detail\Collider</Filter>
    </ClCompile>
    <ClCompile Include="Collision\Detail\Collider\AABBAndAABB.cpp">
      <Filter>Collision\Detail\Collider</Filter>
    </ClCompile>
    <ClCompile Include="Collision\Detail\Collider\SphereAndSphere.cpp">
      <Filter>Collision\Detail\Collider</Filter>
    </ClCompile>
    <ClCompile Include="Collision\Detail\Collider\SphereAndAABB.cpp">
      <Filter>Collision\Detail\Collider</Filter>
    </ClCompile>
    <ClCompile Include="Collision\Detail\Collider\OBBAndSphere.cpp">
      <Filter>Collision\Detail\Collider</Filter>
    </ClCompile>
    <ClCompile Include="Collision\Detail\Collider\OBBAndOBB.cpp">
      <Filter>Collision\Detail\Collider</Filter>
    </ClCompile>
    <ClCompile Include="Resource\Audio\MCIAudioFile.cpp">
      <Filter>Resource\Audio</Filter>
    </ClCompile>
    <ClCompile Include="Resource\Audio\MCIMessageDispatcher.cpp">
      <Filter>Resource\Audio</Filter>
    </ClCompile>
    <ClCompile Include="Resource\Model\FbxFile.cpp">
      <Filter>Resource\Model</Filter>
    </ClCompile>
    <ClCompile Include="Resource\Texture\DirectXTextureFileFromInMemory.cpp">
      <Filter>Resource\Texture</Filter>
    </ClCompile>
    <ClCompile Include="Resource\Texture\DirectXTextureFile.cpp">
      <Filter>Resource\Texture</Filter>
    </ClCompile>
    <ClCompile Include="Resource\Constant.cpp">
      <Filter>Resource</Filter>
    </ClCompile>
    <ClCompile Include="Resource\DataObject\IDataObjectFile.cpp">
      <Filter>Resource\DataObject</Filter>
    </ClCompile>
    <ClCompile Include="Rendering\ComponentRender\UIRender.cpp">
      <Filter>Rendering\ComponentRender</Filter>
    </ClCompile>
    <ClCompile Include="Rendering\Materials\UIMaterial.cpp">
      <Filter>Rendering\Materials</Filter>
    </ClCompile>
    <ClCompile Include="Rendering\Shaders\UIShader.cpp">
      <Filter>Rendering\Shaders</Filter>
    </ClCompile>
    <ClCompile Include="UI\UITransform.cpp">
      <Filter>UI</Filter>
    </ClCompile>
    <ClCompile Include="Components\UIButton.cpp">
      <Filter>Components</Filter>
    </ClCompile>
    <ClCompile Include="Components\UIImage.cpp">
      <Filter>Components</Filter>
    </ClCompile>
    <ClCompile Include="Rendering\Detail\Provider\UIRendering.cpp">
      <Filter>Rendering\Detail\Provider</Filter>
    </ClCompile>
    <ClCompile Include="Rendering\Detail\Provider\WolrdRendering.cpp">
      <Filter>Rendering\Detail\Provider</Filter>
    </ClCompile>
    <ClCompile Include="Rendering\Detail\StaticResource\Panel.cpp">
      <Filter>Rendering\Detail\StaticResource</Filter>
    </ClCompile>
    <ClCompile Include="Rendering\Detail\StaticResource\Particle.cpp">
      <Filter>Rendering\Detail\StaticResource</Filter>
    </ClCompile>
    <ClCompile Include="Rendering\Detail\StaticResource\Quad.cpp">
      <Filter>Rendering\Detail\StaticResource</Filter>
    </ClCompile>
    <ClCompile Include="UI\IUI.cpp">
      <Filter>UI</Filter>
    </ClCompile>
    <ClCompile Include="Rendering\Detail\StaticResource\UI.cpp">
      <Filter>Rendering\Detail\StaticResource</Filter>
    </ClCompile>
    <ClCompile Include="UI\Constant.cpp">
      <Filter>UI</Filter>
    </ClCompile>
    <ClCompile Include="UI\Event\UIPublishSystem.cpp">
      <Filter>UI\Event</Filter>
    </ClCompile>
    <ClCompile Include="UI\Event\Publisher\UIChangeState.cpp">
      <Filter>UI\Event\Publisher</Filter>
    </ClCompile>
    <ClCompile Include="UI\Event\Publisher\UICursor.cpp">
      <Filter>UI\Event\Publisher</Filter>
    </ClCompile>
  </ItemGroup>
  <ItemGroup>
    <ClInclude Include="Utility\Debug.h">
      <Filter>Utility</Filter>
    </ClInclude>
    <ClInclude Include="Utility\Exception.h">
      <Filter>Utility</Filter>
    </ClInclude>
    <ClInclude Include="Utility\File.h">
      <Filter>Utility</Filter>
    </ClInclude>
    <ClInclude Include="Utility\FPSCounter.h">
      <Filter>Utility</Filter>
    </ClInclude>
    <ClInclude Include="Utility\Macro.h">
      <Filter>Utility</Filter>
    </ClInclude>
    <ClInclude Include="Utility\Noncopyable.h">
      <Filter>Utility</Filter>
    </ClInclude>
    <ClInclude Include="Utility\Priority.hpp">
      <Filter>Utility</Filter>
    </ClInclude>
    <ClInclude Include="Utility\Profiler.h">
      <Filter>Utility</Filter>
    </ClInclude>
    <ClInclude Include="Utility\singleton.h">
      <Filter>Utility</Filter>
    </ClInclude>
    <ClInclude Include="Utility\TextFile.h">
      <Filter>Utility</Filter>
    </ClInclude>
    <ClInclude Include="Utility\Vector3.h">
      <Filter>Utility</Filter>
    </ClInclude>
    <ClInclude Include="Utility\VectorExtension.hpp">
      <Filter>Utility</Filter>
    </ClInclude>
    <ClInclude Include="Components\Camera.h">
      <Filter>Components</Filter>
    </ClInclude>
    <ClInclude Include="Components\Mesh.h">
      <Filter>Components</Filter>
    </ClInclude>
    <ClInclude Include="Components\ParticleSystem.h">
      <Filter>Components</Filter>
    </ClInclude>
    <ClInclude Include="Components\Transform.h">
      <Filter>Components</Filter>
    </ClInclude>
    <ClInclude Include="Utility\HavingChildType.h">
      <Filter>Utility</Filter>
    </ClInclude>
    <ClInclude Include="Utility\SingleTypeMap.h">
      <Filter>Utility</Filter>
    </ClInclude>
    <ClInclude Include="Utility\MultiTypeMap.h">
      <Filter>Utility</Filter>
    </ClInclude>
    <ClInclude Include="Utility\TypeList.h">
      <Filter>Utility</Filter>
    </ClInclude>
    <ClInclude Include="Utility\Nullable.h">
      <Filter>Utility</Filter>
    </ClInclude>
    <ClInclude Include="includer\ResourceIncluder.h">
      <Filter>Includer</Filter>
    </ClInclude>
    <ClInclude Include="includer\ComponentIncluder.h">
      <Filter>Includer</Filter>
    </ClInclude>
    <ClInclude Include="Blueprint\LevelStream.h">
      <Filter>Blueprint</Filter>
    </ClInclude>
    <ClInclude Include="Blueprint\Level.h">
      <Filter>Blueprint</Filter>
    </ClInclude>
    <ClInclude Include="Blueprint\GameWindow.h">
      <Filter>Blueprint</Filter>
    </ClInclude>
    <ClInclude Include="Blueprint\Application.h">
      <Filter>Blueprint</Filter>
    </ClInclude>
    <ClInclude Include="Blueprint\window.h">
      <Filter>Blueprint</Filter>
    </ClInclude>
    <ClInclude Include="GameObject\ObjectManager.h">
      <Filter>GameObject</Filter>
    </ClInclude>
    <ClInclude Include="GameObject\Object.h">
      <Filter>GameObject</Filter>
    </ClInclude>
    <ClInclude Include="Includer\BlueprintIncluder.h">
      <Filter>Includer</Filter>
    </ClInclude>
    <ClInclude Include="Includer\UtilityIncluder.h">
      <Filter>Includer</Filter>
    </ClInclude>
    <ClInclude Include="Includer.h">
      <Filter>Header Files</Filter>
    </ClInclude>
    <ClInclude Include="Utility\IStringConvertible.h">
      <Filter>Utility</Filter>
    </ClInclude>
    <ClInclude Include="Utility\SafetyIterate.h">
      <Filter>Utility</Filter>
    </ClInclude>
    <ClInclude Include="Utility\TypePossession.h">
      <Filter>Utility</Filter>
    </ClInclude>
    <ClInclude Include="Utility\TypeStringConvertible.h">
      <Filter>Utility</Filter>
    </ClInclude>
    <ClInclude Include="Utility\TypeComparable.h">
      <Filter>Utility</Filter>
    </ClInclude>
    <ClInclude Include="Components\Component.h">
      <Filter>Components</Filter>
    </ClInclude>
    <ClInclude Include="Utility\Creator.h">
      <Filter>Utility</Filter>
    </ClInclude>
    <ClInclude Include="Utility\Factory.h">
      <Filter>Utility</Filter>
    </ClInclude>
    <ClInclude Include="Components\Observers\ComponentPriorityStateObserver.h">
      <Filter>Components\Observers</Filter>
    </ClInclude>
    <ClInclude Include="Components\Observers\ComponentRenderStateObserver.h">
      <Filter>Components\Observers</Filter>
    </ClInclude>
    <ClInclude Include="Components\Observers\ComponentStateObserver.h">
      <Filter>Components\Observers</Filter>
    </ClInclude>
    <ClInclude Include="Components\Observers\ComponentStateSubject.h">
      <Filter>Components\Observers</Filter>
    </ClInclude>
    <ClInclude Include="Components\Observers\ComponentUpdataStateObserver.h">
      <Filter>Components\Observers</Filter>
    </ClInclude>
    <ClInclude Include="Components\Observers\ComponentEffectiveStateObserver.h">
      <Filter>Components\Observers</Filter>
    </ClInclude>
    <ClInclude Include="Components\Creators\ComponentCreator.h">
      <Filter>Components\Creators</Filter>
    </ClInclude>
    <ClInclude Include="GameObject\Observers\ObjectEffectiveStateObserver.h">
      <Filter>GameObject\Observers</Filter>
    </ClInclude>
    <ClInclude Include="GameObject\Observers\ObjectPriorityStateObserver.h">
      <Filter>GameObject\Observers</Filter>
    </ClInclude>
    <ClInclude Include="GameObject\Observers\ObjectRenderStateObserver.h">
      <Filter>GameObject\Observers</Filter>
    </ClInclude>
    <ClInclude Include="GameObject\Observers\ObjectStateObserver.h">
      <Filter>GameObject\Observers</Filter>
    </ClInclude>
    <ClInclude Include="GameObject\Observers\ObjectStateSubject.h">
      <Filter>GameObject\Observers</Filter>
    </ClInclude>
    <ClInclude Include="GameObject\Observers\ObjectUpdataStateObserver.h">
      <Filter>GameObject\Observers</Filter>
    </ClInclude>
    <ClInclude Include="Blueprint\Creators\LevelCreator.h">
      <Filter>Blueprint\Creators</Filter>
    </ClInclude>
    <ClInclude Include="MT\Order\OrderData.h">
      <Filter>MT\Order</Filter>
    </ClInclude>
    <ClInclude Include="MT\Jobs\AsyncLoadLevel.h">
      <Filter>MT\Jobs</Filter>
    </ClInclude>
    <ClInclude Include="MT\ThreadSystem.h">
      <Filter>MT</Filter>
    </ClInclude>
    <ClInclude Include="MT\Thread.h">
      <Filter>MT</Filter>
    </ClInclude>
    <ClInclude Include="Includer\MTIncluder.h">
      <Filter>Includer</Filter>
    </ClInclude>
    <ClInclude Include="MT\Order\OrderedJobReserver.h">
      <Filter>MT\Order</Filter>
    </ClInclude>
    <ClInclude Include="DataObject\DateType.h">
      <Filter>DataObject</Filter>
    </ClInclude>
    <ClInclude Include="DataObject\Service.h">
      <Filter>DataObject</Filter>
    </ClInclude>
    <ClInclude Include="DataObject\DAO\ColorChannel.h">
      <Filter>DataObject\DAO</Filter>
    </ClInclude>
    <ClInclude Include="DataObject\DAO\DaoBase.h">
      <Filter>DataObject\DAO</Filter>
    </ClInclude>
    <ClInclude Include="DataObject\DAO\FbxFile.h">
      <Filter>DataObject\DAO</Filter>
    </ClInclude>
    <ClInclude Include="DataObject\Deserialize\IDeserializable.h">
      <Filter>DataObject\Deserialize</Filter>
    </ClInclude>
    <ClInclude Include="DataObject\Deserialize\ColorChannel.h">
      <Filter>DataObject\Deserialize</Filter>
    </ClInclude>
    <ClInclude Include="DataObject\Deserialize\FbxFile.h">
      <Filter>DataObject\Deserialize</Filter>
    </ClInclude>
    <ClInclude Include="DataObject\Deserialize\FbxInnerMesh.h">
      <Filter>DataObject\Deserialize</Filter>
    </ClInclude>
    <ClInclude Include="DataObject\Deserialize\FbxMateria.h">
      <Filter>DataObject\Deserialize</Filter>
    </ClInclude>
    <ClInclude Include="DataObject\Deserialize\FbxTextureFile.h">
      <Filter>DataObject\Deserialize</Filter>
    </ClInclude>
    <ClInclude Include="DataObject\DTO\FbxInnerMesh.h">
      <Filter>DataObject\DTO</Filter>
    </ClInclude>
    <ClInclude Include="DataObject\DTO\FbxMateria.h">
      <Filter>DataObject\DTO</Filter>
    </ClInclude>
    <ClInclude Include="DataObject\DTO\FbxTextureFile.h">
      <Filter>DataObject\DTO</Filter>
    </ClInclude>
    <ClInclude Include="DataObject\DTO\ColorChannel.h">
      <Filter>DataObject\DTO</Filter>
    </ClInclude>
    <ClInclude Include="DataObject\DTO\DTOAccess.h">
      <Filter>DataObject\DTO</Filter>
    </ClInclude>
    <ClInclude Include="DataObject\DTO\FbxFile.h">
      <Filter>DataObject\DTO</Filter>
    </ClInclude>
    <ClInclude Include="DataObject\Entity\ColorChannel.h">
      <Filter>DataObject\Entity</Filter>
    </ClInclude>
    <ClInclude Include="DataObject\Entity\FbxFile.h">
      <Filter>DataObject\Entity</Filter>
    </ClInclude>
    <ClInclude Include="DataObject\Serialize\ISerializable.h">
      <Filter>DataObject\Serialize</Filter>
    </ClInclude>
    <ClInclude Include="DataObject\Serialize\ColorChannel.h">
      <Filter>DataObject\Serialize</Filter>
    </ClInclude>
    <ClInclude Include="DataObject\Serialize\FbxFile.h">
      <Filter>DataObject\Serialize</Filter>
    </ClInclude>
    <ClInclude Include="DataObject\Serialize\FbxInnerMesh.h">
      <Filter>DataObject\Serialize</Filter>
    </ClInclude>
    <ClInclude Include="DataObject\Serialize\FbxMateria.h">
      <Filter>DataObject\Serialize</Filter>
    </ClInclude>
    <ClInclude Include="DataObject\Serialize\FbxTextureFile.h">
      <Filter>DataObject\Serialize</Filter>
    </ClInclude>
    <ClInclude Include="DataObject\FileDataObjectChild.h">
      <Filter>DataObject</Filter>
    </ClInclude>
    <ClInclude Include="DataObject\FileDataObjectRoot.h">
      <Filter>DataObject</Filter>
    </ClInclude>
    <ClInclude Include="Utility\Builder.h">
      <Filter>Utility</Filter>
    </ClInclude>
    <ClInclude Include="Rendering\Graphics.h">
      <Filter>Rendering</Filter>
    </ClInclude>
    <ClInclude Include="Rendering\Materials\ColorChannel.h">
      <Filter>Rendering\Materials</Filter>
    </ClInclude>
    <ClInclude Include="Rendering\Shaders\MeshShader.h">
      <Filter>Rendering\Shaders</Filter>
    </ClInclude>
    <ClInclude Include="Rendering\Shaders\Shader.h">
      <Filter>Rendering\Shaders</Filter>
    </ClInclude>
    <ClInclude Include="Utility\VO.h">
      <Filter>Utility</Filter>
    </ClInclude>
    <ClInclude Include="Rendering\Materials\Material.h">
      <Filter>Rendering\Materials</Filter>
    </ClInclude>
    <ClInclude Include="Rendering\Materials\MeshMaterial.h">
      <Filter>Rendering\Materials</Filter>
    </ClInclude>
    <ClInclude Include="Rendering\Materials\ParticleMaterial.h">
      <Filter>Rendering\Materials</Filter>
    </ClInclude>
    <ClInclude Include="Utility\ICommand.h">
      <Filter>Utility</Filter>
    </ClInclude>
    <ClInclude Include="Utility\CommandListener.h">
      <Filter>Utility</Filter>
    </ClInclude>
    <ClInclude Include="Rendering\HLRCommand\SetMaterial.h">
      <Filter>Rendering\HLRCommand</Filter>
    </ClInclude>
    <ClInclude Include="Rendering\HLRCommand\HLRCommandBase.h">
      <Filter>Rendering\HLRCommand</Filter>
    </ClInclude>
    <ClInclude Include="Rendering\HLRCommand\SetVertex.h">
      <Filter>Rendering\HLRCommand</Filter>
    </ClInclude>
    <ClInclude Include="Rendering\HLRCommand\SetIndex.h">
      <Filter>Rendering\HLRCommand</Filter>
    </ClInclude>
    <ClInclude Include="Rendering\HLRCommand\SetFVF.h">
      <Filter>Rendering\HLRCommand</Filter>
    </ClInclude>
    <ClInclude Include="Rendering\HLRCommand\SetDeclaration.h">
      <Filter>Rendering\HLRCommand</Filter>
    </ClInclude>
    <ClInclude Include="Rendering\HLRCommand\DrawPrimitive.h">
      <Filter>Rendering\HLRCommand</Filter>
    </ClInclude>
    <ClInclude Include="Rendering\HLRCommand\DrawIndexedPrimitive.h">
      <Filter>Rendering\HLRCommand</Filter>
    </ClInclude>
    <ClInclude Include="Rendering\HLRCommand\BeginScene.h">
      <Filter>Rendering\HLRCommand</Filter>
    </ClInclude>
    <ClInclude Include="Rendering\HLRCommand\EndScene.h">
      <Filter>Rendering\HLRCommand</Filter>
    </ClInclude>
    <ClInclude Include="Utility\CommandExecutor.h">
      <Filter>Utility</Filter>
    </ClInclude>
    <ClInclude Include="Utility\NullType.h">
      <Filter>Utility</Filter>
    </ClInclude>
    <ClInclude Include="Rendering\Buffer.h">
      <Filter>Rendering</Filter>
    </ClInclude>
    <ClInclude Include="Utility\Layer.h">
      <Filter>Utility</Filter>
    </ClInclude>
    <ClInclude Include="Utility\StaticValue.h">
      <Filter>Utility</Filter>
    </ClInclude>
    <ClInclude Include="Rendering\HLRCommand\RiseMateral.h">
      <Filter>Rendering\HLRCommand</Filter>
    </ClInclude>
    <ClInclude Include="Rendering\HLRCommand\HLRCommandPipeline.h">
      <Filter>Rendering\HLRCommand</Filter>
    </ClInclude>
    <ClInclude Include="Rendering\HLRCommand\Default\EndScene.h">
      <Filter>Rendering\HLRCommand\Default</Filter>
    </ClInclude>
    <ClInclude Include="Rendering\HLRCommand\Default\RiseMateral.h">
      <Filter>Rendering\HLRCommand\Default</Filter>
    </ClInclude>
    <ClInclude Include="Rendering\HLRCommand\Default\SetIndex.h">
      <Filter>Rendering\HLRCommand\Default</Filter>
    </ClInclude>
    <ClInclude Include="Rendering\HLRCommand\Default\SetMaterial.h">
      <Filter>Rendering\HLRCommand\Default</Filter>
    </ClInclude>
    <ClInclude Include="Rendering\HLRCommand\Default\SetVertex.h">
      <Filter>Rendering\HLRCommand\Default</Filter>
    </ClInclude>
    <ClInclude Include="Rendering\HLRCommand\Default\BeginScene.h">
      <Filter>Rendering\HLRCommand\Default</Filter>
    </ClInclude>
    <ClInclude Include="Rendering\HLRCommand\Default\Draw.h">
      <Filter>Rendering\HLRCommand\Default</Filter>
    </ClInclude>
    <ClInclude Include="Rendering\HLRCommand\Default\SetVertexDeclaration.h">
      <Filter>Rendering\HLRCommand\Default</Filter>
    </ClInclude>
    <ClInclude Include="Components\DirectionalLight.h">
      <Filter>Components</Filter>
    </ClInclude>
    <ClInclude Include="Rendering\Color.h">
      <Filter>Rendering</Filter>
    </ClInclude>
    <ClInclude Include="Components\Detail\ILight.h">
      <Filter>Components\Detail</Filter>
    </ClInclude>
    <ClInclude Include="Rendering\Detail\LightingPublisher.h">
      <Filter>Rendering\Detail</Filter>
    </ClInclude>
    <ClInclude Include="Utility\Subject.h">
      <Filter>Utility</Filter>
    </ClInclude>
    <ClInclude Include="Utility\Observer.h">
      <Filter>Utility</Filter>
    </ClInclude>
    <ClInclude Include="MT\Order\OrderedJobExcuter.h">
      <Filter>MT\Order</Filter>
    </ClInclude>
    <ClInclude Include="MT\Worker\IOrderedJobExecutable.h">
      <Filter>MT\Worker</Filter>
    </ClInclude>
    <ClInclude Include="MT\Worker\JobExecuterBase.h">
      <Filter>MT\Worker</Filter>
    </ClInclude>
    <ClInclude Include="MT\Jobs\ThreadJob.h">
      <Filter>MT\Jobs</Filter>
    </ClInclude>
    <ClInclude Include="MT\Jobs\IThreadJob.h">
      <Filter>MT\Jobs</Filter>
    </ClInclude>
    <ClInclude Include="MT\Worker\JobExecuter.h">
      <Filter>MT\Worker</Filter>
    </ClInclude>
    <ClInclude Include="MT\Jobs\PublishMLRC.h">
      <Filter>MT\Jobs</Filter>
    </ClInclude>
    <ClInclude Include="MT\Worker\MLRCPublisher.h">
      <Filter>MT\Worker</Filter>
    </ClInclude>
    <ClInclude Include="MT\Order\IMLRCPublishable.h">
      <Filter>MT\Order</Filter>
    </ClInclude>
    <ClInclude Include="MT\Order\MLRCPublisher.h">
      <Filter>MT\Order</Filter>
    </ClInclude>
    <ClInclude Include="MT\Order\TaskContainer.h">
      <Filter>MT\Order</Filter>
    </ClInclude>
    <ClInclude Include="MT\Order\TaskLine.h">
      <Filter>MT\Order</Filter>
    </ClInclude>
    <ClInclude Include="MT\Order\TaskOrder.h">
      <Filter>MT\Order</Filter>
    </ClInclude>
    <ClInclude Include="Utility\Executer.h">
      <Filter>Utility</Filter>
    </ClInclude>
    <ClInclude Include="Utility\IExecuteable.h">
      <Filter>Utility</Filter>
    </ClInclude>
    <ClInclude Include="Common\Timer.h">
      <Filter>Common</Filter>
    </ClInclude>
    <ClInclude Include="Common\TimerServer.h">
      <Filter>Common</Filter>
    </ClInclude>
    <ClInclude Include="Utility\TimerClient.h">
      <Filter>Utility</Filter>
    </ClInclude>
    <ClInclude Include="Utility\TimerServer.h">
      <Filter>Utility</Filter>
    </ClInclude>
    <ClInclude Include="Blueprint\Constant.h">
      <Filter>Blueprint</Filter>
    </ClInclude>
    <ClInclude Include="Common\Constant.h">
      <Filter>Common</Filter>
    </ClInclude>
    <ClInclude Include="Components\Constant.h">
      <Filter>Components</Filter>
    </ClInclude>
    <ClInclude Include="MT\Constant.h">
      <Filter>MT</Filter>
    </ClInclude>
    <ClInclude Include="Rendering\Constant.h">
      <Filter>Rendering</Filter>
    </ClInclude>
    <ClInclude Include="Utility\Estd.h">
      <Filter>Utility</Filter>
    </ClInclude>
    <ClInclude Include="Components\Detail\Particle.h">
      <Filter>Components\Detail</Filter>
    </ClInclude>
    <ClInclude Include="Components\Detail\ParticleEmitter.h">
      <Filter>Components\Detail</Filter>
    </ClInclude>
    <ClInclude Include="Common\TextureAnimFream.h">
      <Filter>Common</Filter>
    </ClInclude>
    <ClInclude Include="Common\TextureAnimUV.h">
      <Filter>Common</Filter>
    </ClInclude>
    <ClInclude Include="Rendering\Shaders\ParticleShader.h">
      <Filter>Rendering\Shaders</Filter>
    </ClInclude>
    <ClInclude Include="Utility\Range.h">
      <Filter>Utility</Filter>
    </ClInclude>
    <ClInclude Include="Rendering\RendringPriority.h">
      <Filter>Rendering</Filter>
    </ClInclude>
    <ClInclude Include="Components\Detail\ParticleSystemModule.h">
      <Filter>Components\Detail</Filter>
    </ClInclude>
    <ClInclude Include="Components\Detail\ParticleBlaster.h">
      <Filter>Components\Detail</Filter>
    </ClInclude>
    <ClInclude Include="Components\MorphableMesh.h">
      <Filter>Components</Filter>
    </ClInclude>
    <ClInclude Include="Rendering\CameraLayer.h">
      <Filter>Rendering</Filter>
    </ClInclude>
    <ClInclude Include="Rendering\Viewer.h">
      <Filter>Rendering</Filter>
    </ClInclude>
    <ClInclude Include="Rendering\Detail\Frustum.h">
      <Filter>Rendering\Detail</Filter>
    </ClInclude>
    <ClInclude Include="Components\Panel.h">
      <Filter>Components</Filter>
    </ClInclude>
    <ClInclude Include="Rendering\Materials\PanelMaterial.h">
      <Filter>Rendering\Materials</Filter>
    </ClInclude>
    <ClInclude Include="Rendering\Shaders\PanelShader.h">
      <Filter>Rendering\Shaders</Filter>
    </ClInclude>
    <ClInclude Include="Rendering\Target\RenderingTexture.h">
      <Filter>Rendering\Target</Filter>
    </ClInclude>
    <ClInclude Include="Rendering\Target\RenderTarget.h">
      <Filter>Rendering\Target</Filter>
    </ClInclude>
    <ClInclude Include="Rendering\Target\Screen.h">
      <Filter>Rendering\Target</Filter>
    </ClInclude>
    <ClInclude Include="Rendering\HLRCommand\Default\StaticDefaultCommand.h">
      <Filter>Rendering\HLRCommand\Default</Filter>
    </ClInclude>
    <ClInclude Include="Rendering\HLRCommand\HLRCPipelineStage.h">
      <Filter>Rendering\HLRCommand</Filter>
    </ClInclude>
    <ClInclude Include="Collision\Constant.h">
      <Filter>Collision</Filter>
    </ClInclude>
    <ClInclude Include="Common\WorldVolume.h">
      <Filter>Common</Filter>
    </ClInclude>
    <ClInclude Include="Common\SpaceDivide\Cell.h">
      <Filter>Common\SpaceDivide</Filter>
    </ClInclude>
    <ClInclude Include="Common\SpaceDivide\Octree.h">
      <Filter>Common\SpaceDivide</Filter>
    </ClInclude>
    <ClInclude Include="Common\SpaceDivide\OctreeRegistrableObject.h">
      <Filter>Common\SpaceDivide</Filter>
    </ClInclude>
    <ClInclude Include="Common\WorldSpaceDivider.h">
      <Filter>Common</Filter>
    </ClInclude>
    <ClInclude Include="Rendering\ComponentRender\FbxRender.h">
      <Filter>Rendering\ComponentRender</Filter>
    </ClInclude>
    <ClInclude Include="Rendering\ComponentRender\PanelRender.h">
      <Filter>Rendering\ComponentRender</Filter>
    </ClInclude>
    <ClInclude Include="Rendering\ComponentRender\ParticleRender.h">
      <Filter>Rendering\ComponentRender</Filter>
    </ClInclude>
    <ClInclude Include="Rendering\Detail\IRenderable.h">
      <Filter>Rendering\Detail</Filter>
    </ClInclude>
    <ClInclude Include="Rendering\RenderProvider.h">
      <Filter>Rendering</Filter>
    </ClInclude>
    <ClInclude Include="stdafx.h">
      <Filter>Source Files</Filter>
    </ClInclude>
    <ClInclude Include="Includer\CommonIncluder.h">
      <Filter>Includer</Filter>
    </ClInclude>
    <ClInclude Include="Includer\GameObjectIncluder.h">
      <Filter>Includer</Filter>
    </ClInclude>
    <ClInclude Include="GameObject\Detail\ICommonBehavior.h">
      <Filter>GameObject\Deatil</Filter>
    </ClInclude>
    <ClInclude Include="GameObject\Detail\IEventHook.h">
      <Filter>GameObject\Deatil</Filter>
    </ClInclude>
    <ClInclude Include="GameObject\Detail\StateQueryable.h">
      <Filter>GameObject\Deatil</Filter>
    </ClInclude>
    <ClInclude Include="GameObject\Detail\ComponentsPossession.h">
      <Filter>GameObject\Deatil</Filter>
    </ClInclude>
    <ClInclude Include="Includer\DataObjectIncluder.h">
      <Filter>Includer</Filter>
    </ClInclude>
    <ClInclude Include="Includer\RenderingIncluder.h">
      <Filter>Includer</Filter>
    </ClInclude>
    <ClInclude Include="Rendering\Shaders\ProgressiveMeshShader.h">
      <Filter>Rendering\Shaders</Filter>
    </ClInclude>
    <ClInclude Include="Rendering\Materials\ProgressiveMeshMaterial.h">
      <Filter>Rendering\Materials</Filter>
    </ClInclude>
    <ClInclude Include="Common\Defines.h">
      <Filter>Common</Filter>
    </ClInclude>
    <ClInclude Include="Rendering\ComponentRender\AABBRender.h">
      <Filter>Rendering\ComponentRender</Filter>
    </ClInclude>
    <ClInclude Include="Utility\Vector2.h">
      <Filter>Utility</Filter>
    </ClInclude>
    <ClInclude Include="App\Level\TestLevel.h">
      <Filter>App\Level</Filter>
    </ClInclude>
    <ClInclude Include="App\Player.h">
      <Filter>App</Filter>
    </ClInclude>
    <ClInclude Include="App\Extension\Object\Actor.h">
      <Filter>App\Extension\Object</Filter>
    </ClInclude>
    <ClInclude Include="App\Extension\Component\MovementControl.h">
      <Filter>App\Extension\Component</Filter>
    </ClInclude>
    <ClInclude Include="Utility\Mathf.h">
      <Filter>Utility</Filter>
    </ClInclude>
    <ClInclude Include="App\Extension\Component\FirearmsControler.h">
      <Filter>App\Extension\Component</Filter>
    </ClInclude>
    <ClInclude Include="App\Extension\Component\PlayerTrackingCamara.h">
      <Filter>App\Extension\Component</Filter>
    </ClInclude>
    <ClInclude Include="App\Weapon\WeaponBase.h">
      <Filter>App\Weapon</Filter>
    </ClInclude>
    <ClInclude Include="App\Weapon\Vulcan.h">
      <Filter>App\Weapon</Filter>
    </ClInclude>
    <ClInclude Include="App\Extension\Component\PlayerModule.h">
      <Filter>App\Extension\Component</Filter>
    </ClInclude>
    <ClInclude Include="App\Extension\Object\VulcanBullet.h">
      <Filter>App\Extension\Object</Filter>
    </ClInclude>
    <ClInclude Include="App\Extension\Component\VulcanBulletControler.h">
      <Filter>App\Extension\Component</Filter>
    </ClInclude>
    <ClInclude Include="App\Extension\Component\VulcanBulletInvalidater.h">
      <Filter>App\Extension\Component</Filter>
    </ClInclude>
    <ClInclude Include="App\Extension\Component\BackJetEffector.h">
      <Filter>App\Extension\Component</Filter>
    </ClInclude>
    <ClInclude Include="Components\Defines.h">
      <Filter>Components</Filter>
    </ClInclude>
    <ClInclude Include="App\Constant.h">
      <Filter>App</Filter>
    </ClInclude>
    <ClInclude Include="Utility\ICastable.h">
      <Filter>Utility</Filter>
    </ClInclude>
    <ClInclude Include="Collision\Detail\CollisionProvider.h">
      <Filter>Collision\Detail</Filter>
    </ClInclude>
    <ClInclude Include="Collision\Detail\HitEventPublisher.h">
      <Filter>Collision\Detail</Filter>
    </ClInclude>
    <ClInclude Include="Collision\Detail\ICollidee.h">
      <Filter>Collision\Detail</Filter>
    </ClInclude>
    <ClInclude Include="Collision\Detail\ColliderManager.h">
      <Filter>Collision\Detail</Filter>
    </ClInclude>
    <ClInclude Include="Collision\Detail\Collider\ICollider.h">
      <Filter>Collision\Detail\Collider</Filter>
    </ClInclude>
    <ClInclude Include="Collision\Detail\Collider\IDiagramCollider.h">
      <Filter>Collision\Detail\Collider</Filter>
    </ClInclude>
    <ClInclude Include="Collision\Detail\JudgmentSameSpaceOfCollidee.h">
      <Filter>Collision\Detail</Filter>
    </ClInclude>
    <ClInclude Include="Collision\Detail\CollisionEventListener.h">
      <Filter>Collision\Detail</Filter>
    </ClInclude>
    <ClInclude Include="Includer\CollisionIncluder.h">
      <Filter>Includer</Filter>
    </ClInclude>
    <ClInclude Include="Collision\HitResult.h">
      <Filter>Collision</Filter>
    </ClInclude>
    <ClInclude Include="Components\Collidee.h">
      <Filter>Components</Filter>
    </ClInclude>
    <ClInclude Include="Common\InputDevice\Constant.h">
      <Filter>Common\InputDevice</Filter>
    </ClInclude>
    <ClInclude Include="Common\InputDevice\Device.h">
      <Filter>Common\InputDevice</Filter>
    </ClInclude>
    <ClInclude Include="Common\InputDevice\DeviceManager.h">
      <Filter>Common\InputDevice</Filter>
    </ClInclude>
    <ClInclude Include="Common\InputDevice\Key.h">
      <Filter>Common\InputDevice</Filter>
    </ClInclude>
    <ClInclude Include="Common\InputDevice\Mouse.h">
      <Filter>Common\InputDevice</Filter>
    </ClInclude>
    <ClInclude Include="Common\Policy\DirectXCreate.h">
      <Filter>Common\Policy</Filter>
    </ClInclude>
    <ClInclude Include="Common\Policy\DirectXDelete.h">
      <Filter>Common\Policy</Filter>
    </ClInclude>
    <ClInclude Include="Common\Policy\NonCreate.h">
      <Filter>Common\Policy</Filter>
    </ClInclude>
    <ClInclude Include="Common\Policy\NonDelete.h">
      <Filter>Common\Policy</Filter>
    </ClInclude>
    <ClInclude Include="Common\Policy\StdCreate.h">
      <Filter>Common\Policy</Filter>
    </ClInclude>
    <ClInclude Include="Common\Policy\StdDelete.h">
      <Filter>Common\Policy</Filter>
    </ClInclude>
    <ClInclude Include="Common\Diagram\AABB.h">
      <Filter>Common\Diagram</Filter>
    </ClInclude>
    <ClInclude Include="Common\Diagram\Constant.h">
      <Filter>Common\Diagram</Filter>
    </ClInclude>
    <ClInclude Include="Common\Diagram\OBB.h">
      <Filter>Common\Diagram</Filter>
    </ClInclude>
    <ClInclude Include="Common\Diagram\Plane.h">
      <Filter>Common\Diagram</Filter>
    </ClInclude>
    <ClInclude Include="Common\Diagram\Sphere.h">
      <Filter>Common\Diagram</Filter>
    </ClInclude>
    <ClInclude Include="Utility\Manager.h">
      <Filter>Utility</Filter>
    </ClInclude>
    <ClInclude Include="Rendering\Detail\Render.h">
      <Filter>Rendering\Detail</Filter>
    </ClInclude>
    <ClInclude Include="Rendering\Detail\WorldObjectRender.h">
      <Filter>Rendering\Detail</Filter>
    </ClInclude>
    <ClInclude Include="Rendering\Detail\Optimize\Context.h">
      <Filter>Rendering\Detail\Optimize</Filter>
    </ClInclude>
    <ClInclude Include="Rendering\Detail\Optimize\Continuity.h">
      <Filter>Rendering\Detail\Optimize</Filter>
    </ClInclude>
    <ClInclude Include="Rendering\Detail\Optimize\CommandFinalizer.h">
      <Filter>Rendering\Detail\Optimize</Filter>
    </ClInclude>
    <ClInclude Include="Rendering\Detail\Optimize\CommandOptimizer.h">
      <Filter>Rendering\Detail\Optimize</Filter>
    </ClInclude>
    <ClInclude Include="Rendering\Detail\Optimize\ContinuityOptimizate.h">
      <Filter>Rendering\Detail\Optimize</Filter>
    </ClInclude>
    <ClInclude Include="Rendering\Detail\Optimize\JudgmentSameSpaceOfFrustum.h">
      <Filter>Rendering\Detail\Optimize</Filter>
    </ClInclude>
    <ClInclude Include="Rendering\Detail\Optimize\LODSwitcher.h">
      <Filter>Rendering\Detail\Optimize</Filter>
    </ClInclude>
    <ClInclude Include="Rendering\Detail\Optimize\MLRC.h">
      <Filter>Rendering\Detail\Optimize</Filter>
    </ClInclude>
    <ClInclude Include="Rendering\Detail\Optimize\MLRCPublisher.h">
      <Filter>Rendering\Detail\Optimize</Filter>
    </ClInclude>
    <ClInclude Include="Rendering\Detail\Optimize\ObjectOptimizer.h">
      <Filter>Rendering\Detail\Optimize</Filter>
    </ClInclude>
    <ClInclude Include="Rendering\Detail\Optimize\VisibleDeterminer.h">
      <Filter>Rendering\Detail\Optimize</Filter>
    </ClInclude>
    <ClInclude Include="Rendering\Detail\OptimizationRender.h">
      <Filter>Rendering\Detail</Filter>
    </ClInclude>
    <ClInclude Include="Rendering\Detail\Optimize\IOptimizer.h">
      <Filter>Rendering\Detail\Optimize</Filter>
    </ClInclude>
    <ClInclude Include="Utility\InterfaceCoordinator.h">
      <Filter>Utility</Filter>
    </ClInclude>
    <ClInclude Include="Rendering\Defines.h">
      <Filter>Rendering</Filter>
    </ClInclude>
    <ClInclude Include="Rendering\Detail\Optimize\Optimizer.h">
      <Filter>Rendering\Detail\Optimize</Filter>
    </ClInclude>
    <ClInclude Include="Rendering\Detail\Optimize\IOptimize.h">
      <Filter>Rendering\Detail\Optimize</Filter>
    </ClInclude>
    <ClInclude Include="App\Extension\Component\LifeManeger.h">
      <Filter>App\Extension\Component</Filter>
    </ClInclude>
    <ClInclude Include="Common\Diagram\IDiagram.h">
      <Filter>Common\Diagram</Filter>
    </ClInclude>
    <ClInclude Include="Collision\Detail\Defines.h">
      <Filter>Collision\Detail</Filter>
    </ClInclude>
    <ClInclude Include="Collision\Detail\CollisionInformation.h">
      <Filter>Collision\Detail</Filter>
    </ClInclude>
    <ClInclude Include="Collision\Detail\FindResult.h">
      <Filter>Collision\Detail</Filter>
    </ClInclude>
    <ClInclude Include="Collision\CollisionDetection.h">
      <Filter>Collision</Filter>
    </ClInclude>
    <ClInclude Include="Collision\Detail\Tester\ITester.h">
      <Filter>Collision\Detail\Tester</Filter>
    </ClInclude>
    <ClInclude Include="Collision\Detail\Tester\TesterOfDiscreet.h">
      <Filter>Collision\Detail\Tester</Filter>
    </ClInclude>
    <ClInclude Include="Common\Diagram\Converter\IConverter.h">
      <Filter>Common\Diagram\Converter</Filter>
    </ClInclude>
    <ClInclude Include="Common\Diagram\Converter\AABBToOBB.h">
      <Filter>Common\Diagram\Converter</Filter>
    </ClInclude>
    <ClInclude Include="Common\Diagram\Converter\ConvertProvider.h">
      <Filter>Common\Diagram\Converter</Filter>
    </ClInclude>
    <ClInclude Include="Common\Diagram\Converter\AABBToSphere.h">
      <Filter>Common\Diagram\Converter</Filter>
    </ClInclude>
    <ClInclude Include="Common\Diagram\Converter\SphereToOBB.h">
      <Filter>Common\Diagram\Converter</Filter>
    </ClInclude>
    <ClInclude Include="Common\Diagram\Converter\SphereToAABB.h">
      <Filter>Common\Diagram\Converter</Filter>
    </ClInclude>
    <ClInclude Include="Common\Diagram\Converter\OBBToAABB.h">
      <Filter>Common\Diagram\Converter</Filter>
    </ClInclude>
    <ClInclude Include="Common\Diagram\Converter\OBBToSphere.h">
      <Filter>Common\Diagram\Converter</Filter>
    </ClInclude>
    <ClInclude Include="Collision\Detail\CacheableTransform.h">
      <Filter>Collision\Detail</Filter>
    </ClInclude>
    <ClInclude Include="Collision\Detail\Tester\TesterOfSVT.h">
      <Filter>Collision\Detail\Tester</Filter>
    </ClInclude>
    <ClInclude Include="Collision\Detail\DelayEvent.h">
      <Filter>Collision\Detail</Filter>
    </ClInclude>
    <ClInclude Include="Collision\Detail\CollisionSystem.h">
      <Filter>Collision\Detail</Filter>
    </ClInclude>
    <ClInclude Include="Collision\IVolume.h">
      <Filter>Collision</Filter>
    </ClInclude>
    <ClInclude Include="Collision\Volume.h">
      <Filter>Collision</Filter>
    </ClInclude>
    <ClInclude Include="Collision\Detail\Collider\AABBAndOBB.h">
      <Filter>Collision\Detail\Collider</Filter>
    </ClInclude>
    <ClInclude Include="Collision\Detail\Collider\AABBAndAABB.h">
      <Filter>Collision\Detail\Collider</Filter>
    </ClInclude>
    <ClInclude Include="Collision\Detail\Collider\SphereAndSphere.h">
      <Filter>Collision\Detail\Collider</Filter>
    </ClInclude>
    <ClInclude Include="Collision\Detail\Collider\SphereAndAABB.h">
      <Filter>Collision\Detail\Collider</Filter>
    </ClInclude>
    <ClInclude Include="Collision\Detail\Collider\OBBAndSphere.h">
      <Filter>Collision\Detail\Collider</Filter>
    </ClInclude>
    <ClInclude Include="Collision\Detail\Collider\OBBAndOBB.h">
      <Filter>Collision\Detail\Collider</Filter>
    </ClInclude>
    <ClInclude Include="Collision\IHitEvent.h">
      <Filter>Collision</Filter>
    </ClInclude>
    <ClInclude Include="Resource\API\IResourceAPI.h">
      <Filter>Resource\API</Filter>
    </ClInclude>
    <ClInclude Include="Resource\API\Model.h">
      <Filter>Resource\API</Filter>
    </ClInclude>
    <ClInclude Include="Resource\API\Texture.h">
      <Filter>Resource\API</Filter>
    </ClInclude>
    <ClInclude Include="Resource\API\Audio.h">
      <Filter>Resource\API</Filter>
    </ClInclude>
    <ClInclude Include="Resource\Audio\MCIAudioFile.h">
      <Filter>Resource\Audio</Filter>
    </ClInclude>
    <ClInclude Include="Resource\Audio\MCIMessageDispatcher.h">
      <Filter>Resource\Audio</Filter>
    </ClInclude>
    <ClInclude Include="Resource\Model\FbxFile.h">
      <Filter>Resource\Model</Filter>
    </ClInclude>
    <ClInclude Include="Resource\Texture\DirectXTextureFile.h">
      <Filter>Resource\Texture</Filter>
    </ClInclude>
    <ClInclude Include="Resource\Texture\DirectXTextureFileFromInMemory.h">
      <Filter>Resource\Texture</Filter>
    </ClInclude>
    <ClInclude Include="Resource\Constant.h">
      <Filter>Resource</Filter>
    </ClInclude>
    <ClInclude Include="Resource\ResourceManager.h">
      <Filter>Resource</Filter>
    </ClInclude>
    <ClInclude Include="Resource\ResourceType.h">
      <Filter>Resource</Filter>
    </ClInclude>
    <ClInclude Include="Resource\IResource.h">
      <Filter>Resource</Filter>
    </ClInclude>
    <ClInclude Include="Resource\API\LostResourceAPI.h">
      <Filter>Resource\API</Filter>
    </ClInclude>
    <ClInclude Include="Resource\Audio\IAudioFile.h">
      <Filter>Resource\Audio</Filter>
    </ClInclude>
    <ClInclude Include="Resource\Model\IModelFile.h">
      <Filter>Resource\Model</Filter>
    </ClInclude>
    <ClInclude Include="Resource\Texture\ITextureFile.h">
      <Filter>Resource\Texture</Filter>
    </ClInclude>
    <ClInclude Include="Resource\API\DataObject.h">
      <Filter>Resource\API</Filter>
    </ClInclude>
    <ClInclude Include="Resource\DataObject\IDataObjectFile.h">
      <Filter>Resource\DataObject</Filter>
    </ClInclude>
    <ClInclude Include="Resource\DataObject\ParticleSystemDataObject.h">
      <Filter>Resource\DataObject</Filter>
    </ClInclude>
    <ClInclude Include="Resource\DataObject\ScriptableObject.h">
      <Filter>Resource\DataObject</Filter>
    </ClInclude>
    <ClInclude Include="UI\IUI.h">
      <Filter>UI</Filter>
    </ClInclude>
    <ClInclude Include="UI\UITransform.h">
      <Filter>UI</Filter>
    </ClInclude>
    <ClInclude Include="Rendering\ComponentRender\UIRender.h">
      <Filter>Rendering\ComponentRender</Filter>
    </ClInclude>
    <ClInclude Include="Rendering\Materials\UIMaterial.h">
      <Filter>Rendering\Materials</Filter>
    </ClInclude>
    <ClInclude Include="Rendering\Shaders\UIShader.h">
      <Filter>Rendering\Shaders</Filter>
    </ClInclude>
    <ClInclude Include="Components\UIImage.h">
      <Filter>Components</Filter>
    </ClInclude>
    <ClInclude Include="Components\UIButton.h">
      <Filter>Components</Filter>
    </ClInclude>
    <ClInclude Include="Rendering\Detail\Provider\Interface.h">
      <Filter>Rendering\Detail\Provider</Filter>
    </ClInclude>
    <ClInclude Include="Rendering\Detail\Provider\UIRendering.h">
      <Filter>Rendering\Detail\Provider</Filter>
    </ClInclude>
    <ClInclude Include="Rendering\Detail\Provider\WolrdRendering.h">
      <Filter>Rendering\Detail\Provider</Filter>
    </ClInclude>
    <ClInclude Include="Rendering\Detail\StaticResource\Panel.h">
      <Filter>Rendering\Detail\StaticResource</Filter>
    </ClInclude>
    <ClInclude Include="Rendering\Detail\StaticResource\Particle.h">
      <Filter>Rendering\Detail\StaticResource</Filter>
    </ClInclude>
    <ClInclude Include="Rendering\Detail\StaticResource\Quad.h">
      <Filter>Rendering\Detail\StaticResource</Filter>
    </ClInclude>
    <ClInclude Include="Rendering\Detail\RenderingContext.h">
      <Filter>Rendering\Detail</Filter>
    </ClInclude>
    <ClInclude Include="Rendering\Detail\StaticResource\UI.h">
      <Filter>Rendering\Detail\StaticResource</Filter>
    </ClInclude>
    <ClInclude Include="UI\Event\Listener\IUIChangeState.h">
      <Filter>UI\Event\Listener</Filter>
    </ClInclude>
    <ClInclude Include="UI\Event\Listener\IUICursor.h">
      <Filter>UI\Event\Listener</Filter>
    </ClInclude>
    <ClInclude Include="UI\Event\Publisher\UIChangeState.h">
      <Filter>UI\Event\Publisher</Filter>
    </ClInclude>
    <ClInclude Include="UI\Event\Publisher\UICursor.h">
      <Filter>UI\Event\Publisher</Filter>
    </ClInclude>
    <ClInclude Include="UI\Constant.h">
      <Filter>UI</Filter>
    </ClInclude>
    <ClInclude Include="UI\Event\UIPublishSystem.h">
      <Filter>UI\Event</Filter>
    </ClInclude>
    <ClInclude Include="UI\Event\Listener\Holder.h">
      <Filter>UI\Event\Listener</Filter>
    </ClInclude>
    <ClInclude Include="Utility\IUnknown.h">
      <Filter>Utility</Filter>
    </ClInclude>
    <ClInclude Include="UI\Event\Listener\Abstract.h">
      <Filter>UI\Event\Listener</Filter>
    </ClInclude>
    <ClInclude Include="UI\Event\Publisher\Abstract.h">
      <Filter>UI\Event\Publisher</Filter>
    </ClInclude>
    <ClInclude Include="Utility\TypeHolder.h">
      <Filter>Utility</Filter>
    </ClInclude>
    <ClInclude Include="UI\Event\Publisher\Base.h">
      <Filter>UI\Event\Publisher</Filter>
    </ClInclude>
    <ClInclude Include="Includer\UIIncluder.h">
      <Filter>Includer</Filter>
    </ClInclude>
  </ItemGroup>
  <ItemGroup>
    <None Include="Utility\HavingChildType.inl">
      <Filter>Utility</Filter>
    </None>
    <None Include="Utility\SingleTypeMap.inl">
      <Filter>Utility</Filter>
    </None>
    <None Include="Utility\MultiTypeMap.inl">
      <Filter>Utility</Filter>
    </None>
    <None Include="Utility\Nullable.inl">
      <Filter>Utility</Filter>
    </None>
    <None Include="Utility\singleton.inl">
      <Filter>Utility</Filter>
    </None>
    <None Include="Blueprint\LevelStream.inl">
      <Filter>Blueprint</Filter>
    </None>
    <None Include="Blueprint\Level.inl">
      <Filter>Blueprint</Filter>
    </None>
    <None Include="Blueprint\Application.inl">
      <Filter>Blueprint</Filter>
    </None>
    <None Include="Utility\IStringConvertible.inl">
      <Filter>Utility</Filter>
    </None>
    <None Include="Utility\SafetyIterate.inl">
      <Filter>Utility</Filter>
    </None>
    <None Include="Utility\TypePossession.inl">
      <Filter>Utility</Filter>
    </None>
    <None Include="Utility\Factory.inl">
      <Filter>Utility</Filter>
    </None>
    <None Include="Components\Creators\ComponentCreator.inl">
      <Filter>Components\Creators</Filter>
    </None>
    <None Include="Blueprint\Creators\LevelCreator.inl">
      <Filter>Blueprint\Creators</Filter>
    </None>
    <None Include="MT\Jobs\AsyncLoadLevel.inl">
      <Filter>MT\Jobs</Filter>
    </None>
    <None Include="MT\ThreadSystem.inl">
      <Filter>MT</Filter>
    </None>
    <None Include="DataObject\FileDataObjectChild.inl">
      <Filter>DataObject</Filter>
    </None>
    <None Include="DataObject\Service.inl">
      <Filter>DataObject</Filter>
    </None>
    <None Include="Utility\VO.inl">
      <Filter>Utility</Filter>
    </None>
    <None Include="Rendering\HLRCommand\HLRCommandBase.inl">
      <Filter>Rendering\HLRCommand</Filter>
    </None>
    <None Include="Rendering\Buffer.inl">
      <Filter>Rendering</Filter>
    </None>
    <None Include="Utility\Layer.inl">
      <Filter>Utility</Filter>
    </None>
    <None Include="Utility\StaticValue.inl">
      <Filter>Utility</Filter>
    </None>
    <None Include="Rendering\HLRCommand\HLRCommandPipeline.inl">
      <Filter>Rendering\HLRCommand</Filter>
    </None>
    <None Include="MT\Order\OrderedJobExcuter.inl">
      <Filter>MT\Order</Filter>
    </None>
    <None Include="MT\Worker\JobExecuterBase.inl">
      <Filter>MT\Worker</Filter>
    </None>
    <None Include="MT\Order\TaskOrder.inl">
      <Filter>MT\Order</Filter>
    </None>
    <None Include="Utility\Executer.inl">
      <Filter>Utility</Filter>
    </None>
    <None Include="Utility\Range.inl">
      <Filter>Utility</Filter>
    </None>
    <None Include="GameObject\Detail\ComponentsPossession.inl">
      <Filter>GameObject\Deatil</Filter>
    </None>
    <None Include="GameObject\Object.inl">
      <Filter>GameObject</Filter>
    </None>
    <None Include="Components\Component.inl">
      <Filter>Components</Filter>
    </None>
    <None Include="Utility\ICastable.inl">
      <Filter>Utility</Filter>
    </None>
    <None Include="Collision\Detail\ColliderManager.inl">
      <Filter>Collision\Detail</Filter>
    </None>
    <None Include="Collision\Detail\Collider\IDiagramCollider.inl">
      <Filter>Collision\Detail\Collider</Filter>
    </None>
    <None Include="Components\Collidee.inl">
      <Filter>Components</Filter>
    </None>
    <None Include="Common\InputDevice\Key.inl">
      <Filter>Common\InputDevice</Filter>
    </None>
    <None Include="Utility\Manager.inl">
      <Filter>Utility</Filter>
    </None>
    <None Include="Utility\InterfaceCoordinator.inl">
      <Filter>Utility</Filter>
    </None>
    <None Include="Rendering\Detail\Optimize\Optimizer.inl">
      <Filter>Rendering\Detail\Optimize</Filter>
    </None>
    <None Include="Utility\TypeComparable.inl">
      <Filter>Utility</Filter>
    </None>
    <None Include="Common\Diagram\Converter\ConvertProvider.inl">
      <Filter>Common\Diagram\Converter</Filter>
    </None>
    <None Include="Collision\Volume.inl">
      <Filter>Collision</Filter>
    </None>
    <None Include="Resource\API\Audio.inl">
      <Filter>Resource\API</Filter>
    </None>
    <None Include="Resource\API\IResourceAPI.inl">
      <Filter>Resource\API</Filter>
    </None>
    <None Include="Resource\API\Model.inl">
      <Filter>Resource\API</Filter>
    </None>
    <None Include="Resource\API\Texture.inl">
      <Filter>Resource\API</Filter>
    </None>
    <None Include="Resource\ResourceManager.inl">
      <Filter>Resource</Filter>
    </None>
    <None Include="Resource\API\LostResourceAPI.inl">
      <Filter>Resource\API</Filter>
    </None>
    <None Include="Resource\DataObject\ScriptableObject.inl">
      <Filter>Resource\DataObject</Filter>
    </None>
    <None Include="UI\Event\UIPublishSystem.inl">
      <Filter>UI\Event</Filter>
    </None>
    <None Include="UI\Event\Listener\Holder.inl">
      <Filter>UI\Event\Listener</Filter>
    </None>
    <None Include="UI\Event\Listener\Abstract.inl">
      <Filter>UI\Event\Listener</Filter>
    </None>
  </ItemGroup>
</Project>