
Microsoft Visual Studio Solution File, Format Version 12.00
# Visual Studio 14
VisualStudioVersion = 14.0.25420.1
MinimumVisualStudioVersion = 10.0.40219.1
Project("{8BC9CEB8-8B4A-11D0-8D11-00A0C91BC942}") = "Pyramid", "Pyramid\Pyramid.vcxproj", "{A198B6FD-9C05-471F-ABF3-585E8700A8FA}"
EndProject
Project("{8BC9CEB8-8B4A-11D0-8D11-00A0C91BC942}") = "FbxInporter", "..\Tools\project\FbxInporter\FbxInporter\FbxInporter.vcxproj", "{949EBDB0-D02F-45D3-B479-CA37912429B7}"
EndProject
Project("{FAE04EC0-301F-11D3-BF4B-00C04F79EFBC}") = "ScriptableObjectEditor", "..\Tools\project\ScriptableObjectEditor\ScriptableObjectEditor.csproj", "{A85BEB7E-04A3-410A-A9F1-D56BDFC5C8F0}"
EndProject
Project("{2150E333-8FDC-42A3-9474-1A3956D46DE8}") = "Framework", "Framework", "{98F65FE4-9065-474B-85C1-4B00F5BCF78B}"
EndProject
Project("{2150E333-8FDC-42A3-9474-1A3956D46DE8}") = "Tool", "Tool", "{42AAA5A7-44D5-40EE-9FD9-3C296967B2B9}"
EndProject
Global
	GlobalSection(SolutionConfigurationPlatforms) = preSolution
		Debug|Any CPU = Debug|Any CPU
		Debug|x64 = Debug|x64
		Debug|x86 = Debug|x86
		Release|Any CPU = Release|Any CPU
		Release|x64 = Release|x64
		Release|x86 = Release|x86
	EndGlobalSection
	GlobalSection(ProjectConfigurationPlatforms) = postSolution
		{A198B6FD-9C05-471F-ABF3-585E8700A8FA}.Debug|Any CPU.ActiveCfg = Debug|Win32
		{A198B6FD-9C05-471F-ABF3-585E8700A8FA}.Debug|x64.ActiveCfg = Debug|x64
		{A198B6FD-9C05-471F-ABF3-585E8700A8FA}.Debug|x64.Build.0 = Debug|x64
		{A198B6FD-9C05-471F-ABF3-585E8700A8FA}.Debug|x86.ActiveCfg = Debug|Win32
		{A198B6FD-9C05-471F-ABF3-585E8700A8FA}.Debug|x86.Build.0 = Debug|Win32
		{A198B6FD-9C05-471F-ABF3-585E8700A8FA}.Release|Any CPU.ActiveCfg = Release|Win32
		{A198B6FD-9C05-471F-ABF3-585E8700A8FA}.Release|x64.ActiveCfg = Release|x64
		{A198B6FD-9C05-471F-ABF3-585E8700A8FA}.Release|x64.Build.0 = Release|x64
		{A198B6FD-9C05-471F-ABF3-585E8700A8FA}.Release|x86.ActiveCfg = Release|Win32
		{A198B6FD-9C05-471F-ABF3-585E8700A8FA}.Release|x86.Build.0 = Release|Win32
		{949EBDB0-D02F-45D3-B479-CA37912429B7}.Debug|Any CPU.ActiveCfg = Debug|Win32
		{949EBDB0-D02F-45D3-B479-CA37912429B7}.Debug|x64.ActiveCfg = Debug|x64
		{949EBDB0-D02F-45D3-B479-CA37912429B7}.Debug|x64.Build.0 = Debug|x64
		{949EBDB0-D02F-45D3-B479-CA37912429B7}.Debug|x86.ActiveCfg = Debug|Win32
		{949EBDB0-D02F-45D3-B479-CA37912429B7}.Debug|x86.Build.0 = Debug|Win32
		{949EBDB0-D02F-45D3-B479-CA37912429B7}.Release|Any CPU.ActiveCfg = Release|Win32
		{949EBDB0-D02F-45D3-B479-CA37912429B7}.Release|x64.ActiveCfg = Release|x64
		{949EBDB0-D02F-45D3-B479-CA37912429B7}.Release|x64.Build.0 = Release|x64
		{949EBDB0-D02F-45D3-B479-CA37912429B7}.Release|x86.ActiveCfg = Release|Win32
		{949EBDB0-D02F-45D3-B479-CA37912429B7}.Release|x86.Build.0 = Release|Win32
		{A85BEB7E-04A3-410A-A9F1-D56BDFC5C8F0}.Debug|Any CPU.ActiveCfg = Debug|Any CPU
		{A85BEB7E-04A3-410A-A9F1-D56BDFC5C8F0}.Debug|Any CPU.Build.0 = Debug|Any CPU
		{A85BEB7E-04A3-410A-A9F1-D56BDFC5C8F0}.Debug|x64.ActiveCfg = Debug|Any CPU
		{A85BEB7E-04A3-410A-A9F1-D56BDFC5C8F0}.Debug|x64.Build.0 = Debug|Any CPU
		{A85BEB7E-04A3-410A-A9F1-D56BDFC5C8F0}.Debug|x86.ActiveCfg = Debug|Any CPU
		{A85BEB7E-04A3-410A-A9F1-D56BDFC5C8F0}.Debug|x86.Build.0 = Debug|Any CPU
		{A85BEB7E-04A3-410A-A9F1-D56BDFC5C8F0}.Release|Any CPU.ActiveCfg = Release|Any CPU
		{A85BEB7E-04A3-410A-A9F1-D56BDFC5C8F0}.Release|Any CPU.Build.0 = Release|Any CPU
		{A85BEB7E-04A3-410A-A9F1-D56BDFC5C8F0}.Release|x64.ActiveCfg = Release|Any CPU
		{A85BEB7E-04A3-410A-A9F1-D56BDFC5C8F0}.Release|x64.Build.0 = Release|Any CPU
		{A85BEB7E-04A3-410A-A9F1-D56BDFC5C8F0}.Release|x86.ActiveCfg = Release|Any CPU
		{A85BEB7E-04A3-410A-A9F1-D56BDFC5C8F0}.Release|x86.Build.0 = Release|Any CPU
	EndGlobalSection
	GlobalSection(SolutionProperties) = preSolution
		HideSolutionNode = FALSE
	EndGlobalSection
	GlobalSection(NestedProjects) = preSolution
		{A198B6FD-9C05-471F-ABF3-585E8700A8FA} = {98F65FE4-9065-474B-85C1-4B00F5BCF78B}
		{949EBDB0-D02F-45D3-B479-CA37912429B7} = {42AAA5A7-44D5-40EE-9FD9-3C296967B2B9}
		{A85BEB7E-04A3-410A-A9F1-D56BDFC5C8F0} = {42AAA5A7-44D5-40EE-9FD9-3C296967B2B9}
	EndGlobalSection
EndGlobal
